{
  "name": "cicada",
  "version": "0.0.1",
  "lockfileVersion": 1,
  "requires": true,
  "dependencies": {
    "@forchange/partech": {
      "version": "1.0.15",
      "resolved": "https://nexus.forchange.cn/repository/npm-group/@forchange/partech/-/partech-1.0.15.tgz",
      "integrity": "sha512-2gb6XSdUBYK/fqA/x+SRgkb50fGo/mU0HzrGxQn06of6ajwlpISBU+1LcOrlJ7mCm0LS/xUMuTQIeJNVC8dkzg==",
      "requires": {
        "@forchange/readable-regular-expression": "^0.0.10",
        "@types/hash-sum": "^1.0.0",
        "@types/nanoid": "^2.1.0",
        "chalk": "^4.1.0",
        "fast-deep-equal": "^3.1.3",
        "glob": "^7.1.6",
        "hash-sum": "^2.0.0",
        "nanoid": "^3.1.12"
      }
    },
    "@forchange/readable-regular-expression": {
      "version": "0.0.10",
      "resolved": "https://nexus.forchange.cn/repository/npm-group/@forchange/readable-regular-expression/-/readable-regular-expression-0.0.10.tgz",
      "integrity": "sha512-kQA7IE/jcj+5Da9VykhOEB+M/c2RJhQah4FamP1JRMP3wUxELZ7cb1Ckp33Sba0QbN/78mrA6O+e/9WTBsvF3w==",
      "requires": {
        "fast-deep-equal": "^3.1.1"
      }
    },
    "@types/assert": {
      "version": "1.5.2",
      "resolved": "https://nexus.forchange.cn/repository/npm-group/@types/assert/-/assert-1.5.2.tgz",
      "integrity": "sha1-28RA9r16g7A8N8ZegQdtB8+L7Nw=",
      "dev": true
    },
    "@types/color-name": {
      "version": "1.1.1",
      "resolved": "https://nexus.forchange.cn/repository/npm-group/@types/color-name/-/color-name-1.1.1.tgz",
      "integrity": "sha1-HBJhu+qhCoBVu8XYq4S3sq/IRqA="
    },
    "@types/deep-diff": {
      "version": "1.0.0",
      "resolved": "https://nexus.forchange.cn/repository/npm-group/@types/deep-diff/-/deep-diff-1.0.0.tgz",
      "integrity": "sha1-froyAqmbOiB/dY81H3+GOHJp/EA="
    },
    "@types/fs-readdir-recursive": {
      "version": "1.0.0",
      "resolved": "https://nexus.forchange.cn/repository/npm-group/@types/fs-readdir-recursive/-/fs-readdir-recursive-1.0.0.tgz",
      "integrity": "sha1-QE93va3GuQzM0/BNFfbdhc3eOO8=",
      "dev": true
    },
    "@types/glob": {
      "version": "7.1.3",
      "resolved": "https://nexus.forchange.cn/repository/npm-group/@types/glob/-/glob-7.1.3.tgz",
      "integrity": "sha1-5rqA82t9qtLGhazZJmOC5omFwYM=",
      "dev": true,
      "requires": {
        "@types/minimatch": "*",
        "@types/node": "*"
      }
    },
    "@types/hash-sum": {
      "version": "1.0.0",
      "resolved": "https://nexus.forchange.cn/repository/npm-group/@types/hash-sum/-/hash-sum-1.0.0.tgz",
      "integrity": "sha1-g49OhieIfUKxYtBfPZbKY2wrxQQ="
    },
    "@types/minimatch": {
      "version": "3.0.3",
      "resolved": "https://nexus.forchange.cn/repository/npm-group/@types/minimatch/-/minimatch-3.0.3.tgz",
      "integrity": "sha1-PcoOPzOyAPx9ETnAzZbBJoyt/Z0=",
      "dev": true
    },
    "@types/nanoid": {
      "version": "2.1.0",
      "resolved": "https://nexus.forchange.cn/repository/npm-group/@types/nanoid/-/nanoid-2.1.0.tgz",
      "integrity": "sha1-Qe39p4mG6RJ9DcFN6YLedm+ZQCA=",
      "requires": {
        "@types/node": "*"
      }
    },
    "@types/node": {
      "version": "14.6.4",
      "resolved": "https://nexus.forchange.cn/repository/npm-group/@types/node/-/node-14.6.4.tgz",
      "integrity": "sha1-oUXMC7FO+cR3c2G3u6+lz446y1o="
    },
    "ansi-styles": {
      "version": "4.2.1",
      "resolved": "https://nexus.forchange.cn/repository/npm-group/ansi-styles/-/ansi-styles-4.2.1.tgz",
      "integrity": "sha1-kK51xCTQCNJiTFvynq0xd+v881k=",
      "requires": {
        "@types/color-name": "^1.1.1",
        "color-convert": "^2.0.1"
      }
    },
    "async": {
      "version": "2.6.3",
      "resolved": "https://nexus.forchange.cn/repository/npm-group/async/-/async-2.6.3.tgz",
      "integrity": "sha1-1yYl4jRKNlbjo61Pp0n6gymdgv8=",
      "requires": {
        "lodash": "^4.17.14"
      }
    },
    "balanced-match": {
      "version": "1.0.0",
      "resolved": "https://nexus.forchange.cn/repository/npm-group/balanced-match/-/balanced-match-1.0.0.tgz",
      "integrity": "sha1-ibTRmasr7kneFk6gK4nORi1xt2c="
    },
    "bluebird": {
      "version": "3.7.2",
      "resolved": "https://nexus.forchange.cn/repository/npm-group/bluebird/-/bluebird-3.7.2.tgz",
      "integrity": "sha1-nyKcFb4nJFT/qXOs4NvueaGww28="
    },
    "brace-expansion": {
      "version": "1.1.11",
      "resolved": "https://nexus.forchange.cn/repository/npm-group/brace-expansion/-/brace-expansion-1.1.11.tgz",
      "integrity": "sha1-PH/L9SnYcibz0vUrlm/1Jx60Qd0=",
      "requires": {
        "balanced-match": "^1.0.0",
        "concat-map": "0.0.1"
      }
    },
    "chalk": {
      "version": "4.1.0",
      "resolved": "https://nexus.forchange.cn/repository/npm-group/chalk/-/chalk-4.1.0.tgz",
      "integrity": "sha1-ThSHCmGNni7dl92DRf2dncMVZGo=",
      "requires": {
        "ansi-styles": "^4.1.0",
        "supports-color": "^7.1.0"
      }
    },
    "color-convert": {
      "version": "2.0.1",
      "resolved": "https://nexus.forchange.cn/repository/npm-group/color-convert/-/color-convert-2.0.1.tgz",
      "integrity": "sha1-ctOmjVmMm9s68q0ehPIdiWq9TeM=",
      "requires": {
        "color-name": "~1.1.4"
      }
    },
    "color-name": {
      "version": "1.1.4",
      "resolved": "https://nexus.forchange.cn/repository/npm-group/color-name/-/color-name-1.1.4.tgz",
      "integrity": "sha1-wqCah6y95pVD3m9j+jmVyCbFNqI="
    },
    "commander": {
      "version": "6.1.0",
      "resolved": "https://nexus.forchange.cn/repository/npm-group/commander/-/commander-6.1.0.tgz",
      "integrity": "sha1-+Ncit4EDFBAGtm9Me6HpcxW6dbw="
    },
    "concat-map": {
      "version": "0.0.1",
      "resolved": "https://nexus.forchange.cn/repository/npm-group/concat-map/-/concat-map-0.0.1.tgz",
      "integrity": "sha1-2Klr13/Wjfd5OnMDajug1UBdR3s="
    },
    "debug": {
      "version": "3.2.6",
      "resolved": "https://nexus.forchange.cn/repository/npm-group/debug/-/debug-3.2.6.tgz",
      "integrity": "sha1-6D0X3hbYp++3cX7b5fsQE17uYps=",
      "requires": {
        "ms": "^2.1.1"
      }
    },
    "deep-diff": {
      "version": "1.0.2",
      "resolved": "https://nexus.forchange.cn/repository/npm-group/deep-diff/-/deep-diff-1.0.2.tgz",
      "integrity": "sha1-r9PR90kRW+ll6Jxj7cersVBrnCY="
    },
    "fast-deep-equal": {
      "version": "3.1.3",
      "resolved": "https://nexus.forchange.cn/repository/npm-group/fast-deep-equal/-/fast-deep-equal-3.1.3.tgz",
      "integrity": "sha1-On1WtVnWy8PrUSMlJE5hmmXGxSU="
    },
    "fs-readdir-recursive": {
      "version": "1.1.0",
      "resolved": "https://nexus.forchange.cn/repository/npm-group/fs-readdir-recursive/-/fs-readdir-recursive-1.1.0.tgz",
      "integrity": "sha1-4y/AMKLM7kSmtTcTCNpUvgs5fSc="
    },
    "fs.realpath": {
      "version": "1.0.0",
      "resolved": "https://nexus.forchange.cn/repository/npm-group/fs.realpath/-/fs.realpath-1.0.0.tgz",
      "integrity": "sha1-FQStJSMVjKpA20onh8sBQRmU6k8="
    },
    "glob": {
      "version": "7.1.6",
      "resolved": "https://nexus.forchange.cn/repository/npm-group/glob/-/glob-7.1.6.tgz",
      "integrity": "sha1-FB8zuBp8JJLhJVlDB0gMRmeSeKY=",
      "requires": {
        "fs.realpath": "^1.0.0",
        "inflight": "^1.0.4",
        "inherits": "2",
        "minimatch": "^3.0.4",
        "once": "^1.3.0",
        "path-is-absolute": "^1.0.0"
      }
    },
    "has-flag": {
      "version": "4.0.0",
      "resolved": "https://nexus.forchange.cn/repository/npm-group/has-flag/-/has-flag-4.0.0.tgz",
      "integrity": "sha1-lEdx/ZyByBJlxNaUGGDaBrtZR5s="
    },
    "hash-sum": {
      "version": "2.0.0",
      "resolved": "https://nexus.forchange.cn/repository/npm-group/hash-sum/-/hash-sum-2.0.0.tgz",
      "integrity": "sha1-gdAbtd6OpKIUrV1urRtSNGCwtFo="
    },
    "inflight": {
      "version": "1.0.6",
      "resolved": "https://nexus.forchange.cn/repository/npm-group/inflight/-/inflight-1.0.6.tgz",
      "integrity": "sha1-Sb1jMdfQLQwJvJEKEHW6gWW1bfk=",
      "requires": {
        "once": "^1.3.0",
        "wrappy": "1"
      }
    },
    "inherits": {
      "version": "2.0.4",
      "resolved": "https://nexus.forchange.cn/repository/npm-group/inherits/-/inherits-2.0.4.tgz",
      "integrity": "sha1-D6LGT5MpF8NDOg3tVTY6rjdBa3w="
    },
    "lodash": {
      "version": "4.17.19",
      "resolved": "https://nexus.forchange.cn/repository/npm-group/lodash/-/lodash-4.17.19.tgz",
      "integrity": "sha1-5I3e2+MLMyF4PFtDAfvTU7weSks="
    },
    "minimatch": {
      "version": "3.0.4",
      "resolved": "https://nexus.forchange.cn/repository/npm-group/minimatch/-/minimatch-3.0.4.tgz",
      "integrity": "sha1-UWbihkV/AzBgZL5Ul+jbsMPTIIM=",
      "requires": {
        "brace-expansion": "^1.1.7"
      }
    },
    "minimist": {
      "version": "1.2.5",
      "resolved": "https://nexus.forchange.cn/repository/npm-group/minimist/-/minimist-1.2.5.tgz",
      "integrity": "sha1-Z9ZgFLZqaoqqDAg8X9WN9OTpdgI="
    },
    "mkdirp": {
      "version": "0.5.5",
      "resolved": "https://nexus.forchange.cn/repository/npm-group/mkdirp/-/mkdirp-0.5.5.tgz",
      "integrity": "sha1-2Rzv1i0UNsoPQWIOJRKI1CAJne8=",
      "requires": {
        "minimist": "^1.2.5"
      }
    },
    "ms": {
      "version": "2.1.2",
      "resolved": "https://nexus.forchange.cn/repository/npm-group/ms/-/ms-2.1.2.tgz",
      "integrity": "sha1-0J0fNXtEP0kzgqjrPM0YOHKuYAk="
    },
    "nanoid": {
      "version": "3.1.12",
      "resolved": "https://nexus.forchange.cn/repository/npm-group/nanoid/-/nanoid-3.1.12.tgz",
      "integrity": "sha1-b3c2xi6NOUIWAeSgx3YjqX6mllQ="
    },
    "once": {
      "version": "1.4.0",
      "resolved": "https://nexus.forchange.cn/repository/npm-group/once/-/once-1.4.0.tgz",
      "integrity": "sha1-WDsap3WWHUsROsF9nFC6753Xa9E=",
      "requires": {
        "wrappy": "1"
      }
    },
    "path-is-absolute": {
      "version": "1.0.1",
      "resolved": "https://nexus.forchange.cn/repository/npm-group/path-is-absolute/-/path-is-absolute-1.0.1.tgz",
      "integrity": "sha1-F0uSaHNVNP+8es5r9TpanhtcX18="
    },
    "plaintext": {
      "version": "0.2.4",
      "resolved": "https://nexus.forchange.cn/repository/npm-group/plaintext/-/plaintext-0.2.4.tgz",
      "integrity": "sha1-p4F2Pxkmqq1nC7O7nXU5mYRJ4B8=",
      "requires": {
        "chalk": "^4.1.0",
        "commander": "^5.1.0",
        "fast-deep-equal": "^3.1.3",
        "fs-readdir-recursive": "^1.1.0",
        "glob": "^7.1.6",
        "nanoid": "^3.1.10",
        "portfinder": "^1.0.26"
      },
      "dependencies": {
        "commander": {
          "version": "5.1.0",
          "resolved": "https://nexus.forchange.cn/repository/npm-group/commander/-/commander-5.1.0.tgz",
          "integrity": "sha1-Rqu9FlL44Fm92u+Zu9yyrZzxea4="
        }
      }
    },
    "portfinder": {
      "version": "1.0.28",
      "resolved": "https://nexus.forchange.cn/repository/npm-group/portfinder/-/portfinder-1.0.28.tgz",
      "integrity": "sha1-Z8RiKFK9U3TdHdkA93n1NGL6x3g=",
      "requires": {
        "async": "^2.6.2",
        "debug": "^3.1.1",
        "mkdirp": "^0.5.5"
      }
    },
    "supports-color": {
      "version": "7.1.0",
      "resolved": "https://nexus.forchange.cn/repository/npm-group/supports-color/-/supports-color-7.1.0.tgz",
      "integrity": "sha1-aOMlkd9z4lrRxLSRCKLsUHliv9E=",
      "requires": {
        "has-flag": "^4.0.0"
      }
    },
    "typescript": {
      "version": "4.0.2",
      "resolved": "https://nexus.forchange.cn/repository/npm-group/typescript/-/typescript-4.0.2.tgz",
      "integrity": "sha1-fqfIh3fHI8aB4zv3mIvl0AjQWsI=",
      "dev": true
    },
    "wrappy": {
      "version": "1.0.2",
      "resolved": "https://nexus.forchange.cn/repository/npm-group/wrappy/-/wrappy-1.0.2.tgz",
      "integrity": "sha1-tSQ9jz7BqjXxNkYFvA0QNuMKtp8="
    }
  }
}
