{
  "name": "cicada",
  "version": "0.0.1",
  "lockfileVersion": 1,
  "requires": true,
  "dependencies": {
    "@forchange/basic": {
      "version": "file:deps/basic",
      "requires": {
        "assert": "^2.0.0",
        "fast-deep-equal": "^3.1.1",
        "object-hash": "^2.0.1"
      }
    },
    "@forchange/partech": {
      "version": "file:deps/partech",
      "requires": {
        "chalk": "^3.0.0",
        "deep-equal": "^2.0.1",
        "fast-deep-equal": "^3.1.1",
        "object-hash": "^2.0.1"
      }
    },
    "@types/assert": {
      "version": "1.4.3",
      "resolved": "https://registry.npmjs.org/@types/assert/-/assert-1.4.3.tgz",
      "integrity": "sha512-491hfOvNr0+BGOHT2m36xJ+LK68IuOshvxV0VIrKOnzBDL11WlDa3PwO+drTYkwCdfzJRN9REcDPZVVcrx1ucw==",
      "dev": true
    },
    "@types/color-name": {
      "version": "1.1.1",
      "resolved": "https://registry.npmjs.org/@types/color-name/-/color-name-1.1.1.tgz",
      "integrity": "sha512-rr+OQyAjxze7GgWrSaJwydHStIhHq2lvY3BOC2Mj7KnzI7XK0Uw1TOOdI9lDoajEbSWLiYgoo4f1R51erQfhPQ=="
    },
    "ansi-styles": {
      "version": "4.2.1",
      "resolved": "https://registry.npmjs.org/ansi-styles/-/ansi-styles-4.2.1.tgz",
      "integrity": "sha512-9VGjrMsG1vePxcSweQsN20KY/c4zN0h9fLjqAbwbPfahM3t+NL+M9HC8xeXG2I8pX5NoamTGNuomEUFI7fcUjA==",
      "requires": {
        "@types/color-name": "^1.1.1",
        "color-convert": "^2.0.1"
      }
    },
    "assert": {
      "version": "2.0.0",
      "resolved": "https://registry.npmjs.org/assert/-/assert-2.0.0.tgz",
      "integrity": "sha512-se5Cd+js9dXJnu6Ag2JFc00t+HmHOen+8Q+L7O9zI0PqQXr20uk2J0XQqMxZEeo5U50o8Nvmmx7dZrl+Ufr35A==",
      "requires": {
        "es6-object-assign": "^1.1.0",
        "is-nan": "^1.2.1",
        "object-is": "^1.0.1",
        "util": "^0.12.0"
      }
    },
    "chalk": {
      "version": "3.0.0",
      "resolved": "https://registry.npmjs.org/chalk/-/chalk-3.0.0.tgz",
      "integrity": "sha512-4D3B6Wf41KOYRFdszmDqMCGq5VV/uMAB273JILmO+3jAlh8X4qDtdtgCR3fxtbLEMzSx22QdhnDcJvu2u1fVwg==",
      "requires": {
        "ansi-styles": "^4.1.0",
        "supports-color": "^7.1.0"
      }
    },
    "color-convert": {
      "version": "2.0.1",
      "resolved": "https://registry.npmjs.org/color-convert/-/color-convert-2.0.1.tgz",
      "integrity": "sha512-RRECPsj7iu/xb5oKYcsFHSppFNnsj/52OVTRKb4zP5onXwVF3zVmmToNcOfGC+CRDpfK/U584fMg38ZHCaElKQ==",
      "requires": {
        "color-name": "~1.1.4"
      }
    },
    "color-name": {
      "version": "1.1.4",
      "resolved": "https://registry.npmjs.org/color-name/-/color-name-1.1.4.tgz",
      "integrity": "sha512-dOy+3AuW3a2wNbZHIuMZpTcgjGuLU/uBL/ubcZF9OXbDo8ff4O8yVp5Bf0efS8uEoYo5q4Fx7dY9OgQGXgAsQA=="
    },
    "deep-equal": {
      "version": "2.0.1",
      "resolved": "https://registry.npmjs.org/deep-equal/-/deep-equal-2.0.1.tgz",
      "integrity": "sha512-7Et6r6XfNW61CPPCIYfm1YPGSmh6+CliYeL4km7GWJcpX5LTAflGF8drLLR+MZX+2P3NZfAfSduutBbSWqER4g==",
      "requires": {
        "es-abstract": "^1.16.3",
        "es-get-iterator": "^1.0.1",
        "is-arguments": "^1.0.4",
        "is-date-object": "^1.0.1",
        "is-regex": "^1.0.4",
        "isarray": "^2.0.5",
        "object-is": "^1.0.1",
        "object-keys": "^1.1.1",
        "regexp.prototype.flags": "^1.2.0",
        "side-channel": "^1.0.1",
        "which-boxed-primitive": "^1.0.1",
        "which-collection": "^1.0.0"
      }
    },
    "define-properties": {
      "version": "1.1.3",
      "resolved": "https://registry.npmjs.org/define-properties/-/define-properties-1.1.3.tgz",
      "integrity": "sha512-3MqfYKj2lLzdMSf8ZIZE/V+Zuy+BgD6f164e8K2w7dgnpKArBDerGYpM46IYYcjnkdPNMjPk9A6VFB8+3SKlXQ==",
      "requires": {
        "object-keys": "^1.0.12"
      }
    },
    "es-abstract": {
      "version": "1.17.3",
      "resolved": "https://registry.npmjs.org/es-abstract/-/es-abstract-1.17.3.tgz",
      "integrity": "sha512-AwiVPKf3sKGMoWtFw0J7Y4MTZ4Iek67k4COWOwHqS8B9TOZ71DCfcoBmdamy8Y6mj4MDz0+VNUpC2HKHFHA3pg==",
      "requires": {
        "es-to-primitive": "^1.2.1",
        "function-bind": "^1.1.1",
        "has": "^1.0.3",
        "has-symbols": "^1.0.1",
        "is-callable": "^1.1.5",
        "is-regex": "^1.0.5",
        "object-inspect": "^1.7.0",
        "object-keys": "^1.1.1",
        "object.assign": "^4.1.0",
        "string.prototype.trimleft": "^2.1.1",
        "string.prototype.trimright": "^2.1.1"
      }
    },
    "es-get-iterator": {
      "version": "1.0.2",
      "resolved": "https://registry.npmjs.org/es-get-iterator/-/es-get-iterator-1.0.2.tgz",
      "integrity": "sha512-ZHb4fuNK3HKHEOvDGyHPKf5cSWh/OvAMskeM/+21NMnTuvqFvz8uHatolu+7Kf6b6oK9C+3Uo1T37pSGPWv0MA==",
      "requires": {
        "es-abstract": "^1.17.0-next.1",
        "has-symbols": "^1.0.1",
        "is-arguments": "^1.0.4",
        "is-map": "^2.0.0",
        "is-set": "^2.0.0",
        "is-string": "^1.0.4",
        "isarray": "^2.0.5"
      }
    },
    "es-to-primitive": {
      "version": "1.2.1",
      "resolved": "https://registry.npmjs.org/es-to-primitive/-/es-to-primitive-1.2.1.tgz",
      "integrity": "sha512-QCOllgZJtaUo9miYBcLChTUaHNjJF3PYs1VidD7AwiEj1kYxKeQTctLAezAOH5ZKRH0g2IgPn6KwB4IT8iRpvA==",
      "requires": {
        "is-callable": "^1.1.4",
        "is-date-object": "^1.0.1",
        "is-symbol": "^1.0.2"
      }
    },
    "es6-object-assign": {
      "version": "1.1.0",
      "resolved": "https://registry.npmjs.org/es6-object-assign/-/es6-object-assign-1.1.0.tgz",
      "integrity": "sha1-wsNYJlYkfDnqEHyx5mUrb58kUjw="
    },
    "fast-deep-equal": {
      "version": "3.1.1",
      "resolved": "https://registry.npmjs.org/fast-deep-equal/-/fast-deep-equal-3.1.1.tgz",
      "integrity": "sha512-8UEa58QDLauDNfpbrX55Q9jrGHThw2ZMdOky5Gl1CDtVeJDPVrG4Jxx1N8jw2gkWaff5UUuX1KJd+9zGe2B+ZA=="
    },
    "function-bind": {
      "version": "1.1.1",
      "resolved": "https://registry.npmjs.org/function-bind/-/function-bind-1.1.1.tgz",
      "integrity": "sha512-yIovAzMX49sF8Yl58fSCWJ5svSLuaibPxXQJFLmBObTuCr0Mf1KiPopGM9NiFjiYBCbfaa2Fh6breQ6ANVTI0A=="
    },
    "has": {
      "version": "1.0.3",
      "resolved": "https://registry.npmjs.org/has/-/has-1.0.3.tgz",
      "integrity": "sha512-f2dvO0VU6Oej7RkWJGrehjbzMAjFp5/VKPp5tTpWIV4JHHZK1/BxbFRtf/siA2SWTe09caDmVtYYzWEIbBS4zw==",
      "requires": {
        "function-bind": "^1.1.1"
      }
    },
    "has-flag": {
      "version": "4.0.0",
      "resolved": "https://registry.npmjs.org/has-flag/-/has-flag-4.0.0.tgz",
      "integrity": "sha512-EykJT/Q1KjTWctppgIAgfSO0tKVuZUjhgMr17kqTumMl6Afv3EISleU7qZUzoXDFTAHTDC4NOoG/ZxU3EvlMPQ=="
    },
    "has-symbols": {
      "version": "1.0.1",
      "resolved": "https://registry.npmjs.org/has-symbols/-/has-symbols-1.0.1.tgz",
      "integrity": "sha512-PLcsoqu++dmEIZB+6totNFKq/7Do+Z0u4oT0zKOJNl3lYK6vGwwu2hjHs+68OEZbTjiUE9bgOABXbP/GvrS0Kg=="
    },
    "inherits": {
      "version": "2.0.4",
      "resolved": "https://registry.npmjs.org/inherits/-/inherits-2.0.4.tgz",
      "integrity": "sha512-k/vGaX4/Yla3WzyMCvTQOXYeIHvqOKtnqBduzTHpzpQZzAskKMhZ2K+EnBiSM9zGSoIFeMpXKxa4dYeZIQqewQ=="
    },
    "is-arguments": {
      "version": "1.0.4",
      "resolved": "https://registry.npmjs.org/is-arguments/-/is-arguments-1.0.4.tgz",
      "integrity": "sha512-xPh0Rmt8NE65sNzvyUmWgI1tz3mKq74lGA0mL8LYZcoIzKOzDh6HmrYm3d18k60nHerC8A9Km8kYu87zfSFnLA=="
    },
    "is-bigint": {
      "version": "1.0.0",
      "resolved": "https://registry.npmjs.org/is-bigint/-/is-bigint-1.0.0.tgz",
      "integrity": "sha512-t5mGUXC/xRheCK431ylNiSkGGpBp8bHENBcENTkDT6ppwPzEVxNGZRvgvmOEfbWkFhA7D2GEuE2mmQTr78sl2g=="
    },
    "is-boolean-object": {
      "version": "1.0.1",
      "resolved": "https://registry.npmjs.org/is-boolean-object/-/is-boolean-object-1.0.1.tgz",
      "integrity": "sha512-TqZuVwa/sppcrhUCAYkGBk7w0yxfQQnxq28fjkO53tnK9FQXmdwz2JS5+GjsWQ6RByES1K40nI+yDic5c9/aAQ=="
    },
    "is-callable": {
      "version": "1.1.5",
      "resolved": "https://registry.npmjs.org/is-callable/-/is-callable-1.1.5.tgz",
      "integrity": "sha512-ESKv5sMCJB2jnHTWZ3O5itG+O128Hsus4K4Qh1h2/cgn2vbgnLSVqfV46AeJA9D5EeeLa9w81KUXMtn34zhX+Q=="
    },
    "is-date-object": {
      "version": "1.0.2",
      "resolved": "https://registry.npmjs.org/is-date-object/-/is-date-object-1.0.2.tgz",
      "integrity": "sha512-USlDT524woQ08aoZFzh3/Z6ch9Y/EWXEHQ/AaRN0SkKq4t2Jw2R2339tSXmwuVoY7LLlBCbOIlx2myP/L5zk0g=="
    },
    "is-generator-function": {
      "version": "1.0.7",
      "resolved": "https://registry.npmjs.org/is-generator-function/-/is-generator-function-1.0.7.tgz",
      "integrity": "sha512-YZc5EwyO4f2kWCax7oegfuSr9mFz1ZvieNYBEjmukLxgXfBUbxAWGVF7GZf0zidYtoBl3WvC07YK0wT76a+Rtw=="
    },
    "is-map": {
      "version": "2.0.1",
      "resolved": "https://registry.npmjs.org/is-map/-/is-map-2.0.1.tgz",
      "integrity": "sha512-T/S49scO8plUiAOA2DBTBG3JHpn1yiw0kRp6dgiZ0v2/6twi5eiB0rHtHFH9ZIrvlWc6+4O+m4zg5+Z833aXgw=="
    },
    "is-nan": {
      "version": "1.3.0",
      "resolved": "https://registry.npmjs.org/is-nan/-/is-nan-1.3.0.tgz",
      "integrity": "sha512-z7bbREymOqt2CCaZVly8aC4ML3Xhfi0ekuOnjO2L8vKdl+CttdVoGZQhd4adMFAsxQ5VeRVwORs4tU8RH+HFtQ==",
      "requires": {
        "define-properties": "^1.1.3"
      }
    },
    "is-number-object": {
      "version": "1.0.4",
      "resolved": "https://registry.npmjs.org/is-number-object/-/is-number-object-1.0.4.tgz",
      "integrity": "sha512-zohwelOAur+5uXtk8O3GPQ1eAcu4ZX3UwxQhUlfFFMNpUd83gXgjbhJh6HmB6LUNV/ieOLQuDwJO3dWJosUeMw=="
    },
    "is-regex": {
      "version": "1.0.5",
      "resolved": "https://registry.npmjs.org/is-regex/-/is-regex-1.0.5.tgz",
      "integrity": "sha512-vlKW17SNq44owv5AQR3Cq0bQPEb8+kF3UKZ2fiZNOWtztYE5i0CzCZxFDwO58qAOWtxdBRVO/V5Qin1wjCqFYQ==",
      "requires": {
        "has": "^1.0.3"
      }
    },
    "is-set": {
      "version": "2.0.1",
      "resolved": "https://registry.npmjs.org/is-set/-/is-set-2.0.1.tgz",
      "integrity": "sha512-eJEzOtVyenDs1TMzSQ3kU3K+E0GUS9sno+F0OBT97xsgcJsF9nXMBtkT9/kut5JEpM7oL7X/0qxR17K3mcwIAA=="
    },
    "is-string": {
      "version": "1.0.5",
      "resolved": "https://registry.npmjs.org/is-string/-/is-string-1.0.5.tgz",
      "integrity": "sha512-buY6VNRjhQMiF1qWDouloZlQbRhDPCebwxSjxMjxgemYT46YMd2NR0/H+fBhEfWX4A/w9TBJ+ol+okqJKFE6vQ=="
    },
    "is-symbol": {
      "version": "1.0.3",
      "resolved": "https://registry.npmjs.org/is-symbol/-/is-symbol-1.0.3.tgz",
      "integrity": "sha512-OwijhaRSgqvhm/0ZdAcXNZt9lYdKFpcRDT5ULUuYXPoT794UNOdU+gpT6Rzo7b4V2HUl/op6GqY894AZwv9faQ==",
      "requires": {
        "has-symbols": "^1.0.1"
      }
    },
    "is-weakmap": {
      "version": "2.0.1",
      "resolved": "https://registry.npmjs.org/is-weakmap/-/is-weakmap-2.0.1.tgz",
      "integrity": "sha512-NSBR4kH5oVj1Uwvv970ruUkCV7O1mzgVFO4/rev2cLRda9Tm9HrL70ZPut4rOHgY0FNrUu9BCbXA2sdQ+x0chA=="
    },
    "is-weakset": {
      "version": "2.0.1",
      "resolved": "https://registry.npmjs.org/is-weakset/-/is-weakset-2.0.1.tgz",
      "integrity": "sha512-pi4vhbhVHGLxohUw7PhGsueT4vRGFoXhP7+RGN0jKIv9+8PWYCQTqtADngrxOm2g46hoH0+g8uZZBzMrvVGDmw=="
    },
    "isarray": {
      "version": "2.0.5",
      "resolved": "https://registry.npmjs.org/isarray/-/isarray-2.0.5.tgz",
      "integrity": "sha512-xHjhDr3cNBK0BzdUJSPXZntQUx/mwMS5Rw4A7lPJ90XGAO6ISP/ePDNuo0vhqOZU+UD5JoodwCAAoZQd3FeAKw=="
    },
    "object-hash": {
      "version": "2.0.1",
      "resolved": "https://registry.npmjs.org/object-hash/-/object-hash-2.0.1.tgz",
      "integrity": "sha512-HgcGMooY4JC2PBt9sdUdJ6PMzpin+YtY3r/7wg0uTifP+HJWW8rammseSEHuyt0UeShI183UGssCJqm1bJR7QA=="
    },
    "object-inspect": {
      "version": "1.7.0",
      "resolved": "https://registry.npmjs.org/object-inspect/-/object-inspect-1.7.0.tgz",
      "integrity": "sha512-a7pEHdh1xKIAgTySUGgLMx/xwDZskN1Ud6egYYN3EdRW4ZMPNEDUTF+hwy2LUC+Bl+SyLXANnwz/jyh/qutKUw=="
    },
    "object-is": {
      "version": "1.0.2",
      "resolved": "https://registry.npmjs.org/object-is/-/object-is-1.0.2.tgz",
      "integrity": "sha512-Epah+btZd5wrrfjkJZq1AOB9O6OxUQto45hzFd7lXGrpHPGE0W1k+426yrZV+k6NJOzLNNW/nVsmZdIWsAqoOQ=="
    },
    "object-keys": {
      "version": "1.1.1",
      "resolved": "https://registry.npmjs.org/object-keys/-/object-keys-1.1.1.tgz",
      "integrity": "sha512-NuAESUOUMrlIXOfHKzD6bpPu3tYt3xvjNdRIQ+FeT0lNb4K8WR70CaDxhuNguS2XG+GjkyMwOzsN5ZktImfhLA=="
    },
    "object.assign": {
      "version": "4.1.0",
      "resolved": "https://registry.npmjs.org/object.assign/-/object.assign-4.1.0.tgz",
      "integrity": "sha512-exHJeq6kBKj58mqGyTQ9DFvrZC/eR6OwxzoM9YRoGBqrXYonaFyGiFMuc9VZrXf7DarreEwMpurG3dd+CNyW5w==",
      "requires": {
        "define-properties": "^1.1.2",
        "function-bind": "^1.1.1",
        "has-symbols": "^1.0.0",
        "object-keys": "^1.0.11"
      }
    },
    "object.entries": {
      "version": "1.1.1",
      "resolved": "https://registry.npmjs.org/object.entries/-/object.entries-1.1.1.tgz",
      "integrity": "sha512-ilqR7BgdyZetJutmDPfXCDffGa0/Yzl2ivVNpbx/g4UeWrCdRnFDUBrKJGLhGieRHDATnyZXWBeCb29k9CJysQ==",
      "requires": {
        "define-properties": "^1.1.3",
        "es-abstract": "^1.17.0-next.1",
        "function-bind": "^1.1.1",
        "has": "^1.0.3"
      }
    },
    "regexp.prototype.flags": {
      "version": "1.3.0",
      "resolved": "https://registry.npmjs.org/regexp.prototype.flags/-/regexp.prototype.flags-1.3.0.tgz",
      "integrity": "sha512-2+Q0C5g951OlYlJz6yu5/M33IcsESLlLfsyIaLJaG4FA2r4yP8MvVMJUUP/fVBkSpbbbZlS5gynbEWLipiiXiQ==",
      "requires": {
        "define-properties": "^1.1.3",
        "es-abstract": "^1.17.0-next.1"
      }
    },
    "safe-buffer": {
      "version": "5.2.0",
      "resolved": "https://registry.npmjs.org/safe-buffer/-/safe-buffer-5.2.0.tgz",
      "integrity": "sha512-fZEwUGbVl7kouZs1jCdMLdt95hdIv0ZeHg6L7qPeciMZhZ+/gdesW4wgTARkrFWEpspjEATAzUGPG8N2jJiwbg=="
    },
    "side-channel": {
      "version": "1.0.2",
      "resolved": "https://registry.npmjs.org/side-channel/-/side-channel-1.0.2.tgz",
      "integrity": "sha512-7rL9YlPHg7Ancea1S96Pa8/QWb4BtXL/TZvS6B8XFetGBeuhAsfmUspK6DokBeZ64+Kj9TCNRD/30pVz1BvQNA==",
      "requires": {
        "es-abstract": "^1.17.0-next.1",
        "object-inspect": "^1.7.0"
      }
    },
    "string.prototype.trimleft": {
      "version": "2.1.1",
      "resolved": "https://registry.npmjs.org/string.prototype.trimleft/-/string.prototype.trimleft-2.1.1.tgz",
      "integrity": "sha512-iu2AGd3PuP5Rp7x2kEZCrB2Nf41ehzh+goo8TV7z8/XDBbsvc6HQIlUl9RjkZ4oyrW1XM5UwlGl1oVEaDjg6Ag==",
      "requires": {
        "define-properties": "^1.1.3",
        "function-bind": "^1.1.1"
      }
    },
    "string.prototype.trimright": {
      "version": "2.1.1",
      "resolved": "https://registry.npmjs.org/string.prototype.trimright/-/string.prototype.trimright-2.1.1.tgz",
      "integrity": "sha512-qFvWL3/+QIgZXVmJBfpHmxLB7xsUXz6HsUmP8+5dRaC3Q7oKUv9Vo6aMCRZC1smrtyECFsIT30PqBJ1gTjAs+g==",
      "requires": {
        "define-properties": "^1.1.3",
        "function-bind": "^1.1.1"
      }
    },
    "supports-color": {
      "version": "7.1.0",
      "resolved": "https://registry.npmjs.org/supports-color/-/supports-color-7.1.0.tgz",
      "integrity": "sha512-oRSIpR8pxT1Wr2FquTNnGet79b3BWljqOuoW/h4oBhxJ/HUbX5nX6JSruTkvXDCFMwDPvsaTTbvMLKZWSy0R5g==",
      "requires": {
        "has-flag": "^4.0.0"
      }
    },
    "typescript": {
      "version": "3.7.5",
      "resolved": "https://registry.npmjs.org/typescript/-/typescript-3.7.5.tgz",
      "integrity": "sha512-/P5lkRXkWHNAbcJIiHPfRoKqyd7bsyCma1hZNUGfn20qm64T6ZBlrzprymeu918H+mB/0rIg2gGK/BXkhhYgBw==",
      "dev": true
    },
    "util": {
      "version": "0.12.1",
      "resolved": "https://registry.npmjs.org/util/-/util-0.12.1.tgz",
      "integrity": "sha512-MREAtYOp+GTt9/+kwf00IYoHZyjM8VU4aVrkzUlejyqaIjd2GztVl5V9hGXKlvBKE3gENn/FMfHE5v6hElXGcQ==",
      "requires": {
        "inherits": "^2.0.3",
        "is-arguments": "^1.0.4",
        "is-generator-function": "^1.0.7",
        "object.entries": "^1.1.0",
        "safe-buffer": "^5.1.2"
      }
    },
    "which-boxed-primitive": {
      "version": "1.0.1",
      "resolved": "https://registry.npmjs.org/which-boxed-primitive/-/which-boxed-primitive-1.0.1.tgz",
      "integrity": "sha512-7BT4TwISdDGBgaemWU0N0OU7FeAEJ9Oo2P1PHRm/FCWoEi2VLWC9b6xvxAA3C/NMpxg3HXVgi0sMmGbNUbNepQ==",
      "requires": {
        "is-bigint": "^1.0.0",
        "is-boolean-object": "^1.0.0",
        "is-number-object": "^1.0.3",
        "is-string": "^1.0.4",
        "is-symbol": "^1.0.2"
      }
    },
    "which-collection": {
      "version": "1.0.0",
      "resolved": "https://registry.npmjs.org/which-collection/-/which-collection-1.0.0.tgz",
      "integrity": "sha512-mG4RtFHE+17N2AxRNvBQ488oBjrhaOaI/G+soUaRJwdyDbu5zmqoAKPYBlY7Zd+QTwpfvInRLKo40feo2si1yA==",
      "requires": {
        "is-map": "^2.0.0",
        "is-set": "^2.0.0",
        "is-weakmap": "^2.0.0",
        "is-weakset": "^2.0.0"
      }
    }
  }
}
