{
  "name": "cicada",
  "version": "0.0.2",
  "lockfileVersion": 1,
  "requires": true,
  "dependencies": {
    "@forchange/partech": {
      "version": "1.0.15",
      "resolved": "https://nexus.forchange.cn/repository/npm-group/@forchange/partech/-/partech-1.0.15.tgz",
      "integrity": "sha512-2gb6XSdUBYK/fqA/x+SRgkb50fGo/mU0HzrGxQn06of6ajwlpISBU+1LcOrlJ7mCm0LS/xUMuTQIeJNVC8dkzg==",
      "requires": {
        "@forchange/readable-regular-expression": "^0.0.10",
        "@types/hash-sum": "^1.0.0",
        "@types/nanoid": "^2.1.0",
        "chalk": "^4.1.0",
        "fast-deep-equal": "^3.1.3",
        "glob": "^7.1.6",
        "hash-sum": "^2.0.0",
        "nanoid": "^3.1.12"
      }
    },
    "@forchange/readable-regular-expression": {
      "version": "0.0.10",
      "resolved": "https://nexus.forchange.cn/repository/npm-group/@forchange/readable-regular-expression/-/readable-regular-expression-0.0.10.tgz",
      "integrity": "sha512-kQA7IE/jcj+5Da9VykhOEB+M/c2RJhQah4FamP1JRMP3wUxELZ7cb1Ckp33Sba0QbN/78mrA6O+e/9WTBsvF3w==",
      "requires": {
        "fast-deep-equal": "^3.1.1"
      }
    },
    "@nodelib/fs.scandir": {
      "version": "2.1.3",
      "resolved": "https://nexus.forchange.cn/repository/npm-group/@nodelib/fs.scandir/-/fs.scandir-2.1.3.tgz",
      "integrity": "sha1-Olgr21OATGum0UZXnEblITDPSjs=",
      "requires": {
        "@nodelib/fs.stat": "2.0.3",
        "run-parallel": "^1.1.9"
      }
    },
    "@nodelib/fs.stat": {
      "version": "2.0.3",
      "resolved": "https://nexus.forchange.cn/repository/npm-group/@nodelib/fs.stat/-/fs.stat-2.0.3.tgz",
      "integrity": "sha1-NNxfTKu8cg9OYPdadH5+zWwXW9M="
    },
    "@nodelib/fs.walk": {
      "version": "1.2.4",
      "resolved": "https://nexus.forchange.cn/repository/npm-group/@nodelib/fs.walk/-/fs.walk-1.2.4.tgz",
      "integrity": "sha1-ARuSAqcKY2bkNspcBlhEUoqwSXY=",
      "requires": {
        "@nodelib/fs.scandir": "2.1.3",
        "fastq": "^1.6.0"
      }
    },
    "@types/assert": {
      "version": "1.5.2",
      "resolved": "https://nexus.forchange.cn/repository/npm-group/@types/assert/-/assert-1.5.2.tgz",
      "integrity": "sha1-28RA9r16g7A8N8ZegQdtB8+L7Nw=",
      "dev": true
    },
    "@types/color-name": {
      "version": "1.1.1",
      "resolved": "https://nexus.forchange.cn/repository/npm-group/@types/color-name/-/color-name-1.1.1.tgz",
      "integrity": "sha1-HBJhu+qhCoBVu8XYq4S3sq/IRqA="
    },
    "@types/deep-diff": {
      "version": "1.0.0",
      "resolved": "https://nexus.forchange.cn/repository/npm-group/@types/deep-diff/-/deep-diff-1.0.0.tgz",
      "integrity": "sha1-froyAqmbOiB/dY81H3+GOHJp/EA="
    },
    "@types/fs-readdir-recursive": {
      "version": "1.0.0",
      "resolved": "https://nexus.forchange.cn/repository/npm-group/@types/fs-readdir-recursive/-/fs-readdir-recursive-1.0.0.tgz",
      "integrity": "sha1-QE93va3GuQzM0/BNFfbdhc3eOO8=",
      "dev": true
    },
    "@types/hash-sum": {
      "version": "1.0.0",
      "resolved": "https://nexus.forchange.cn/repository/npm-group/@types/hash-sum/-/hash-sum-1.0.0.tgz",
      "integrity": "sha1-g49OhieIfUKxYtBfPZbKY2wrxQQ="
    },
    "@types/nanoid": {
      "version": "2.1.0",
      "resolved": "https://nexus.forchange.cn/repository/npm-group/@types/nanoid/-/nanoid-2.1.0.tgz",
      "integrity": "sha1-Qe39p4mG6RJ9DcFN6YLedm+ZQCA=",
      "requires": {
        "@types/node": "*"
      }
    },
    "@types/node": {
      "version": "14.11.2",
      "resolved": "https://nexus.forchange.cn/repository/npm-group/@types/node/-/node-14.11.2.tgz",
      "integrity": "sha1-LeHtZnBDk4faHJ9UmireKwp5klY="
    },
    "@xieyuheng/test-runner": {
      "version": "git+https://gitee.com/xyheme/test-runner.git#f77ab5434e33e8ba629a83e81160ee585b19d148",
      "from": "git+https://gitee.com/xyheme/test-runner.git",
      "requires": {
        "chalk": "^4.1.0",
        "fast-glob": "^3.2.4"
      }
    },
    "ansi-regex": {
      "version": "5.0.0",
      "resolved": "https://nexus.forchange.cn/repository/npm-group/ansi-regex/-/ansi-regex-5.0.0.tgz",
      "integrity": "sha1-OIU59VF5vzkznIGvMKZU1p+Hy3U="
    },
    "ansi-styles": {
      "version": "4.2.1",
      "resolved": "https://nexus.forchange.cn/repository/npm-group/ansi-styles/-/ansi-styles-4.2.1.tgz",
      "integrity": "sha1-kK51xCTQCNJiTFvynq0xd+v881k=",
      "requires": {
        "@types/color-name": "^1.1.1",
        "color-convert": "^2.0.1"
      }
    },
    "async": {
      "version": "2.6.3",
      "resolved": "https://nexus.forchange.cn/repository/npm-group/async/-/async-2.6.3.tgz",
      "integrity": "sha1-1yYl4jRKNlbjo61Pp0n6gymdgv8=",
      "requires": {
        "lodash": "^4.17.14"
      }
    },
    "balanced-match": {
      "version": "1.0.0",
      "resolved": "https://nexus.forchange.cn/repository/npm-group/balanced-match/-/balanced-match-1.0.0.tgz",
      "integrity": "sha1-ibTRmasr7kneFk6gK4nORi1xt2c="
    },
    "brace-expansion": {
      "version": "1.1.11",
      "resolved": "https://nexus.forchange.cn/repository/npm-group/brace-expansion/-/brace-expansion-1.1.11.tgz",
      "integrity": "sha1-PH/L9SnYcibz0vUrlm/1Jx60Qd0=",
      "requires": {
        "balanced-match": "^1.0.0",
        "concat-map": "0.0.1"
      }
    },
    "braces": {
      "version": "3.0.2",
      "resolved": "https://nexus.forchange.cn/repository/npm-group/braces/-/braces-3.0.2.tgz",
      "integrity": "sha1-NFThpGLujVmeI23zNs2epPiv4Qc=",
      "requires": {
        "fill-range": "^7.0.1"
      }
    },
    "camel-case": {
      "version": "4.1.1",
      "resolved": "https://nexus.forchange.cn/repository/npm-group/camel-case/-/camel-case-4.1.1.tgz",
      "integrity": "sha1-H8QchU8A4vfQE53+uhVC1olv5Uc=",
      "requires": {
        "pascal-case": "^3.1.1",
        "tslib": "^1.10.0"
      }
    },
    "capital-case": {
      "version": "1.0.3",
      "resolved": "https://nexus.forchange.cn/repository/npm-group/capital-case/-/capital-case-1.0.3.tgz",
      "integrity": "sha1-M5vXfo+rbPdREdT8pQmz7ffBF8g=",
      "requires": {
        "no-case": "^3.0.3",
        "tslib": "^1.10.0",
        "upper-case-first": "^2.0.1"
      }
    },
    "chalk": {
      "version": "4.1.0",
      "resolved": "https://nexus.forchange.cn/repository/npm-group/chalk/-/chalk-4.1.0.tgz",
      "integrity": "sha1-ThSHCmGNni7dl92DRf2dncMVZGo=",
      "requires": {
        "ansi-styles": "^4.1.0",
        "supports-color": "^7.1.0"
      }
    },
    "change-case": {
      "version": "4.1.1",
      "resolved": "https://nexus.forchange.cn/repository/npm-group/change-case/-/change-case-4.1.1.tgz",
      "integrity": "sha1-1QBXCSdZUueWP+17keT5/bYYCvo=",
      "requires": {
        "camel-case": "^4.1.1",
        "capital-case": "^1.0.3",
        "constant-case": "^3.0.3",
        "dot-case": "^3.0.3",
        "header-case": "^2.0.3",
        "no-case": "^3.0.3",
        "param-case": "^3.0.3",
        "pascal-case": "^3.1.1",
        "path-case": "^3.0.3",
        "sentence-case": "^3.0.3",
        "snake-case": "^3.0.3",
        "tslib": "^1.10.0"
      }
    },
    "cliui": {
      "version": "7.0.1",
      "resolved": "https://nexus.forchange.cn/repository/npm-group/cliui/-/cliui-7.0.1.tgz",
      "integrity": "sha1-pMtnqtRc2D2NBRKPyfTY+7iH5rM=",
      "requires": {
        "string-width": "^4.2.0",
        "strip-ansi": "^6.0.0",
        "wrap-ansi": "^7.0.0"
      }
    },
    "color-convert": {
      "version": "2.0.1",
      "resolved": "https://nexus.forchange.cn/repository/npm-group/color-convert/-/color-convert-2.0.1.tgz",
      "integrity": "sha1-ctOmjVmMm9s68q0ehPIdiWq9TeM=",
      "requires": {
        "color-name": "~1.1.4"
      }
    },
    "color-name": {
      "version": "1.1.4",
      "resolved": "https://nexus.forchange.cn/repository/npm-group/color-name/-/color-name-1.1.4.tgz",
      "integrity": "sha1-wqCah6y95pVD3m9j+jmVyCbFNqI="
    },
    "commander": {
      "version": "5.1.0",
      "resolved": "https://nexus.forchange.cn/repository/npm-group/commander/-/commander-5.1.0.tgz",
      "integrity": "sha1-Rqu9FlL44Fm92u+Zu9yyrZzxea4="
    },
    "concat-map": {
      "version": "0.0.1",
      "resolved": "https://nexus.forchange.cn/repository/npm-group/concat-map/-/concat-map-0.0.1.tgz",
      "integrity": "sha1-2Klr13/Wjfd5OnMDajug1UBdR3s="
    },
    "constant-case": {
      "version": "3.0.3",
      "resolved": "https://nexus.forchange.cn/repository/npm-group/constant-case/-/constant-case-3.0.3.tgz",
      "integrity": "sha1-rJEKmcrzkmrFES81Ljr1mdjF/Ao=",
      "requires": {
        "no-case": "^3.0.3",
        "tslib": "^1.10.0",
        "upper-case": "^2.0.1"
      }
    },
    "debug": {
      "version": "3.2.6",
      "resolved": "https://nexus.forchange.cn/repository/npm-group/debug/-/debug-3.2.6.tgz",
      "integrity": "sha1-6D0X3hbYp++3cX7b5fsQE17uYps=",
      "requires": {
        "ms": "^2.1.1"
      }
    },
    "deep-diff": {
      "version": "1.0.2",
      "resolved": "https://nexus.forchange.cn/repository/npm-group/deep-diff/-/deep-diff-1.0.2.tgz",
      "integrity": "sha1-r9PR90kRW+ll6Jxj7cersVBrnCY="
    },
    "dot-case": {
      "version": "3.0.3",
      "resolved": "https://nexus.forchange.cn/repository/npm-group/dot-case/-/dot-case-3.0.3.tgz",
      "integrity": "sha1-IdO1Lvqroupf2odbsaqBJFIc9Ko=",
      "requires": {
        "no-case": "^3.0.3",
        "tslib": "^1.10.0"
      }
    },
    "emoji-regex": {
      "version": "8.0.0",
      "resolved": "https://nexus.forchange.cn/repository/npm-group/emoji-regex/-/emoji-regex-8.0.0.tgz",
      "integrity": "sha1-6Bj9ac5cz8tARZT4QpY79TFkzDc="
    },
    "escalade": {
      "version": "3.1.0",
      "resolved": "https://nexus.forchange.cn/repository/npm-group/escalade/-/escalade-3.1.0.tgz",
      "integrity": "sha1-6OLXx6i3b27mTCGB1rgVFEFgLU4="
    },
    "fast-deep-equal": {
      "version": "3.1.3",
      "resolved": "https://nexus.forchange.cn/repository/npm-group/fast-deep-equal/-/fast-deep-equal-3.1.3.tgz",
      "integrity": "sha1-On1WtVnWy8PrUSMlJE5hmmXGxSU="
    },
    "fast-glob": {
      "version": "3.2.4",
      "resolved": "https://nexus.forchange.cn/repository/npm-group/fast-glob/-/fast-glob-3.2.4.tgz",
      "integrity": "sha1-0grvv5lXk4Pn88xmUpFYybmFVNM=",
      "requires": {
        "@nodelib/fs.stat": "^2.0.2",
        "@nodelib/fs.walk": "^1.2.3",
        "glob-parent": "^5.1.0",
        "merge2": "^1.3.0",
        "micromatch": "^4.0.2",
        "picomatch": "^2.2.1"
      }
    },
    "fastq": {
      "version": "1.8.0",
      "resolved": "https://nexus.forchange.cn/repository/npm-group/fastq/-/fastq-1.8.0.tgz",
      "integrity": "sha1-VQ4fn1m7xl/hhctqm02VNXEH9IE=",
      "requires": {
        "reusify": "^1.0.4"
      }
    },
    "fill-range": {
      "version": "7.0.1",
      "resolved": "https://nexus.forchange.cn/repository/npm-group/fill-range/-/fill-range-7.0.1.tgz",
      "integrity": "sha1-GRmmp8df44ssfHflGYU12prN2kA=",
      "requires": {
        "to-regex-range": "^5.0.1"
      }
    },
    "fs-readdir-recursive": {
      "version": "1.1.0",
      "resolved": "https://nexus.forchange.cn/repository/npm-group/fs-readdir-recursive/-/fs-readdir-recursive-1.1.0.tgz",
      "integrity": "sha1-4y/AMKLM7kSmtTcTCNpUvgs5fSc="
    },
    "fs.realpath": {
      "version": "1.0.0",
      "resolved": "https://nexus.forchange.cn/repository/npm-group/fs.realpath/-/fs.realpath-1.0.0.tgz",
      "integrity": "sha1-FQStJSMVjKpA20onh8sBQRmU6k8="
    },
    "get-caller-file": {
      "version": "2.0.5",
      "resolved": "https://nexus.forchange.cn/repository/npm-group/get-caller-file/-/get-caller-file-2.0.5.tgz",
      "integrity": "sha1-T5RBKoLbMvNuOwuXQfipf+sDH34="
    },
    "glob": {
      "version": "7.1.6",
      "resolved": "https://nexus.forchange.cn/repository/npm-group/glob/-/glob-7.1.6.tgz",
      "integrity": "sha1-FB8zuBp8JJLhJVlDB0gMRmeSeKY=",
      "requires": {
        "fs.realpath": "^1.0.0",
        "inflight": "^1.0.4",
        "inherits": "2",
        "minimatch": "^3.0.4",
        "once": "^1.3.0",
        "path-is-absolute": "^1.0.0"
      }
    },
    "glob-parent": {
      "version": "5.1.1",
      "resolved": "https://nexus.forchange.cn/repository/npm-group/glob-parent/-/glob-parent-5.1.1.tgz",
      "integrity": "sha1-tsHvQXxOVmPqSY8cRa+saRa7wik=",
      "requires": {
        "is-glob": "^4.0.1"
      }
    },
    "has-flag": {
      "version": "4.0.0",
      "resolved": "https://nexus.forchange.cn/repository/npm-group/has-flag/-/has-flag-4.0.0.tgz",
      "integrity": "sha1-lEdx/ZyByBJlxNaUGGDaBrtZR5s="
    },
    "hash-sum": {
      "version": "2.0.0",
      "resolved": "https://nexus.forchange.cn/repository/npm-group/hash-sum/-/hash-sum-2.0.0.tgz",
      "integrity": "sha1-gdAbtd6OpKIUrV1urRtSNGCwtFo="
    },
    "header-case": {
      "version": "2.0.3",
      "resolved": "https://nexus.forchange.cn/repository/npm-group/header-case/-/header-case-2.0.3.tgz",
      "integrity": "sha1-inQH0W7f1clw+OuxFuY4P4VbWnI=",
      "requires": {
        "capital-case": "^1.0.3",
        "tslib": "^1.10.0"
      }
    },
    "inflight": {
      "version": "1.0.6",
      "resolved": "https://nexus.forchange.cn/repository/npm-group/inflight/-/inflight-1.0.6.tgz",
      "integrity": "sha1-Sb1jMdfQLQwJvJEKEHW6gWW1bfk=",
      "requires": {
        "once": "^1.3.0",
        "wrappy": "1"
      }
    },
    "inherits": {
      "version": "2.0.4",
      "resolved": "https://nexus.forchange.cn/repository/npm-group/inherits/-/inherits-2.0.4.tgz",
      "integrity": "sha1-D6LGT5MpF8NDOg3tVTY6rjdBa3w="
    },
    "is-extglob": {
      "version": "2.1.1",
      "resolved": "https://nexus.forchange.cn/repository/npm-group/is-extglob/-/is-extglob-2.1.1.tgz",
      "integrity": "sha1-qIwCU1eR8C7TfHahueqXc8gz+MI="
    },
    "is-fullwidth-code-point": {
      "version": "3.0.0",
      "resolved": "https://nexus.forchange.cn/repository/npm-group/is-fullwidth-code-point/-/is-fullwidth-code-point-3.0.0.tgz",
      "integrity": "sha1-8Rb4Bk/pCz94RKOJl8C3UFEmnx0="
    },
    "is-glob": {
      "version": "4.0.1",
      "resolved": "https://nexus.forchange.cn/repository/npm-group/is-glob/-/is-glob-4.0.1.tgz",
      "integrity": "sha1-dWfb6fL14kZ7x3q4PEopSCQHpdw=",
      "requires": {
        "is-extglob": "^2.1.1"
      }
    },
    "is-number": {
      "version": "7.0.0",
      "resolved": "https://nexus.forchange.cn/repository/npm-group/is-number/-/is-number-7.0.0.tgz",
      "integrity": "sha1-dTU0W4lnNNX4DE0GxQlVUnoU8Ss="
    },
    "lodash": {
      "version": "4.17.20",
      "resolved": "https://nexus.forchange.cn/repository/npm-group/lodash/-/lodash-4.17.20.tgz",
      "integrity": "sha1-tEqbYpe8tpjxxRo1RaKzs2jVnFI="
    },
    "lower-case": {
      "version": "2.0.1",
      "resolved": "https://nexus.forchange.cn/repository/npm-group/lower-case/-/lower-case-2.0.1.tgz",
      "integrity": "sha1-Oe6zbjlhFcwF4pQi6uqeaSyUCMc=",
      "requires": {
        "tslib": "^1.10.0"
      }
    },
    "merge2": {
      "version": "1.4.1",
      "resolved": "https://nexus.forchange.cn/repository/npm-group/merge2/-/merge2-1.4.1.tgz",
      "integrity": "sha1-Q2iJL4hekHRVpv19xVwMnUBJkK4="
    },
    "micromatch": {
      "version": "4.0.2",
      "resolved": "https://nexus.forchange.cn/repository/npm-group/micromatch/-/micromatch-4.0.2.tgz",
      "integrity": "sha1-T8sJmb+fvC/L3SEvbWKbmlbDklk=",
      "requires": {
        "braces": "^3.0.1",
        "picomatch": "^2.0.5"
      }
    },
    "minimatch": {
      "version": "3.0.4",
      "resolved": "https://nexus.forchange.cn/repository/npm-group/minimatch/-/minimatch-3.0.4.tgz",
      "integrity": "sha1-UWbihkV/AzBgZL5Ul+jbsMPTIIM=",
      "requires": {
        "brace-expansion": "^1.1.7"
      }
    },
    "minimist": {
      "version": "1.2.5",
      "resolved": "https://nexus.forchange.cn/repository/npm-group/minimist/-/minimist-1.2.5.tgz",
      "integrity": "sha1-Z9ZgFLZqaoqqDAg8X9WN9OTpdgI="
    },
    "mkdirp": {
      "version": "0.5.5",
      "resolved": "https://nexus.forchange.cn/repository/npm-group/mkdirp/-/mkdirp-0.5.5.tgz",
      "integrity": "sha1-2Rzv1i0UNsoPQWIOJRKI1CAJne8=",
      "requires": {
        "minimist": "^1.2.5"
      }
    },
    "ms": {
      "version": "2.1.2",
      "resolved": "https://nexus.forchange.cn/repository/npm-group/ms/-/ms-2.1.2.tgz",
      "integrity": "sha1-0J0fNXtEP0kzgqjrPM0YOHKuYAk="
    },
    "nanoid": {
      "version": "3.1.12",
      "resolved": "https://nexus.forchange.cn/repository/npm-group/nanoid/-/nanoid-3.1.12.tgz",
      "integrity": "sha1-b3c2xi6NOUIWAeSgx3YjqX6mllQ="
    },
    "no-case": {
      "version": "3.0.3",
      "resolved": "https://nexus.forchange.cn/repository/npm-group/no-case/-/no-case-3.0.3.tgz",
      "integrity": "sha1-whtDTB/+SLOQh+hs+00lgunfGPg=",
      "requires": {
        "lower-case": "^2.0.1",
        "tslib": "^1.10.0"
      }
    },
    "once": {
      "version": "1.4.0",
      "resolved": "https://nexus.forchange.cn/repository/npm-group/once/-/once-1.4.0.tgz",
      "integrity": "sha1-WDsap3WWHUsROsF9nFC6753Xa9E=",
      "requires": {
        "wrappy": "1"
      }
    },
    "param-case": {
      "version": "3.0.3",
      "resolved": "https://nexus.forchange.cn/repository/npm-group/param-case/-/param-case-3.0.3.tgz",
      "integrity": "sha1-S+Qfg5nv9iHFbuu4KaXkUdmAEjg=",
      "requires": {
        "dot-case": "^3.0.3",
        "tslib": "^1.10.0"
      }
    },
    "pascal-case": {
      "version": "3.1.1",
      "resolved": "https://nexus.forchange.cn/repository/npm-group/pascal-case/-/pascal-case-3.1.1.tgz",
      "integrity": "sha1-WsGXUTPtYZKB6Ikglz0s0fJ53l8=",
      "requires": {
        "no-case": "^3.0.3",
        "tslib": "^1.10.0"
      }
    },
    "path-case": {
      "version": "3.0.3",
      "resolved": "https://nexus.forchange.cn/repository/npm-group/path-case/-/path-case-3.0.3.tgz",
      "integrity": "sha1-1IEZrtUsRxLgNspAxrFZhPkJVU8=",
      "requires": {
        "dot-case": "^3.0.3",
        "tslib": "^1.10.0"
      }
    },
    "path-is-absolute": {
      "version": "1.0.1",
      "resolved": "https://nexus.forchange.cn/repository/npm-group/path-is-absolute/-/path-is-absolute-1.0.1.tgz",
      "integrity": "sha1-F0uSaHNVNP+8es5r9TpanhtcX18="
    },
    "picomatch": {
      "version": "2.2.2",
      "resolved": "https://nexus.forchange.cn/repository/npm-group/picomatch/-/picomatch-2.2.2.tgz",
      "integrity": "sha1-IfMz6ba46v8CRo9RRupAbTRfTa0="
    },
    "plaintext": {
      "version": "0.2.4",
      "resolved": "https://nexus.forchange.cn/repository/npm-group/plaintext/-/plaintext-0.2.4.tgz",
      "integrity": "sha1-p4F2Pxkmqq1nC7O7nXU5mYRJ4B8=",
      "requires": {
        "chalk": "^4.1.0",
        "commander": "^5.1.0",
        "fast-deep-equal": "^3.1.3",
        "fs-readdir-recursive": "^1.1.0",
        "glob": "^7.1.6",
        "nanoid": "^3.1.10",
        "portfinder": "^1.0.26"
      }
    },
    "portfinder": {
      "version": "1.0.28",
      "resolved": "https://nexus.forchange.cn/repository/npm-group/portfinder/-/portfinder-1.0.28.tgz",
      "integrity": "sha1-Z8RiKFK9U3TdHdkA93n1NGL6x3g=",
      "requires": {
        "async": "^2.6.2",
        "debug": "^3.1.1",
        "mkdirp": "^0.5.5"
      }
    },
    "require-directory": {
      "version": "2.1.1",
      "resolved": "https://nexus.forchange.cn/repository/npm-group/require-directory/-/require-directory-2.1.1.tgz",
      "integrity": "sha1-jGStX9MNqxyXbiNE/+f3kqam30I="
    },
    "reusify": {
      "version": "1.0.4",
      "resolved": "https://nexus.forchange.cn/repository/npm-group/reusify/-/reusify-1.0.4.tgz",
      "integrity": "sha1-kNo4Kx4SbvwCFG6QhFqI2xKSXXY="
    },
    "run-parallel": {
      "version": "1.1.9",
      "resolved": "https://nexus.forchange.cn/repository/npm-group/run-parallel/-/run-parallel-1.1.9.tgz",
      "integrity": "sha1-yd06fPn0ssS2JE4XOm7YZuYd1nk="
    },
    "sentence-case": {
      "version": "3.0.3",
      "resolved": "https://nexus.forchange.cn/repository/npm-group/sentence-case/-/sentence-case-3.0.3.tgz",
      "integrity": "sha1-R1duSt/3q/QsY8gVsFQ8nS+FqTA=",
      "requires": {
        "no-case": "^3.0.3",
        "tslib": "^1.10.0",
        "upper-case-first": "^2.0.1"
      }
    },
    "snake-case": {
      "version": "3.0.3",
      "resolved": "https://nexus.forchange.cn/repository/npm-group/snake-case/-/snake-case-3.0.3.tgz",
      "integrity": "sha1-xZi4IqtEP8uxRa6KgsXkNSbVu+4=",
      "requires": {
        "dot-case": "^3.0.3",
        "tslib": "^1.10.0"
      }
    },
    "string-width": {
      "version": "4.2.0",
      "resolved": "https://nexus.forchange.cn/repository/npm-group/string-width/-/string-width-4.2.0.tgz",
      "integrity": "sha1-lSGCxGzHssMT0VluYjmSvRY7crU=",
      "requires": {
        "emoji-regex": "^8.0.0",
        "is-fullwidth-code-point": "^3.0.0",
        "strip-ansi": "^6.0.0"
      }
    },
    "strip-ansi": {
      "version": "6.0.0",
      "resolved": "https://nexus.forchange.cn/repository/npm-group/strip-ansi/-/strip-ansi-6.0.0.tgz",
      "integrity": "sha1-CxVx3XZpzNTz4G4U7x7tJiJa5TI=",
      "requires": {
        "ansi-regex": "^5.0.0"
      }
    },
    "supports-color": {
      "version": "7.2.0",
      "resolved": "https://nexus.forchange.cn/repository/npm-group/supports-color/-/supports-color-7.2.0.tgz",
      "integrity": "sha1-G33NyzK4E4gBs+R4umpRyqiWSNo=",
      "requires": {
        "has-flag": "^4.0.0"
      }
    },
    "to-regex-range": {
      "version": "5.0.1",
      "resolved": "https://nexus.forchange.cn/repository/npm-group/to-regex-range/-/to-regex-range-5.0.1.tgz",
      "integrity": "sha1-FkjESq58jZiKMmAY7XL1tN0DkuQ=",
      "requires": {
        "is-number": "^7.0.0"
      }
    },
    "tslib": {
      "version": "1.13.0",
      "resolved": "https://nexus.forchange.cn/repository/npm-group/tslib/-/tslib-1.13.0.tgz",
      "integrity": "sha1-yIHhPMcBWJTtkUhi0nZDb6mkcEM="
    },
    "typescript": {
      "version": "4.0.3",
      "resolved": "https://nexus.forchange.cn/repository/npm-group/typescript/-/typescript-4.0.3.tgz",
      "integrity": "sha1-FTu9Ro7wdyXB35x36LRT+NNqu6U=",
      "dev": true
    },
    "upper-case": {
      "version": "2.0.1",
      "resolved": "https://nexus.forchange.cn/repository/npm-group/upper-case/-/upper-case-2.0.1.tgz",
      "integrity": "sha1-YhTQXiNdyBeCJGTMuuhYIrPYZl8=",
      "requires": {
        "tslib": "^1.10.0"
      }
    },
    "upper-case-first": {
      "version": "2.0.1",
      "resolved": "https://nexus.forchange.cn/repository/npm-group/upper-case-first/-/upper-case-first-2.0.1.tgz",
      "integrity": "sha1-MqtDZ0fYkcwgqx5D1gHLTQp/v0o=",
      "requires": {
        "tslib": "^1.10.0"
      }
    },
    "wrap-ansi": {
      "version": "7.0.0",
      "resolved": "https://nexus.forchange.cn/repository/npm-group/wrap-ansi/-/wrap-ansi-7.0.0.tgz",
      "integrity": "sha1-Z+FFz/UQpqaYS98RUpEdadLrnkM=",
      "requires": {
        "ansi-styles": "^4.0.0",
        "string-width": "^4.1.0",
        "strip-ansi": "^6.0.0"
      }
    },
    "wrappy": {
      "version": "1.0.2",
      "resolved": "https://nexus.forchange.cn/repository/npm-group/wrappy/-/wrappy-1.0.2.tgz",
      "integrity": "sha1-tSQ9jz7BqjXxNkYFvA0QNuMKtp8="
    },
    "y18n": {
      "version": "5.0.1",
      "resolved": "https://nexus.forchange.cn/repository/npm-group/y18n/-/y18n-5.0.1.tgz",
      "integrity": "sha1-GtKn7d+ovOfKouH2tdqWw52Z1XE="
    },
    "yargs": {
      "version": "16.0.3",
      "resolved": "https://nexus.forchange.cn/repository/npm-group/yargs/-/yargs-16.0.3.tgz",
      "integrity": "sha1-epGbnkPJD4DUoUKol5XoU5mn5Uw=",
      "requires": {
        "cliui": "^7.0.0",
        "escalade": "^3.0.2",
        "get-caller-file": "^2.0.5",
        "require-directory": "^2.1.1",
        "string-width": "^4.2.0",
        "y18n": "^5.0.1",
        "yargs-parser": "^20.0.0"
      }
    },
    "yargs-parser": {
      "version": "20.2.0",
      "resolved": "https://nexus.forchange.cn/repository/npm-group/yargs-parser/-/yargs-parser-20.2.0.tgz",
      "integrity": "sha1-lEeRyivi4I3a3T2H6d5MZIQzhgU="
    }
  }
}
