# THIS IS AN AUTOGENERATED FILE. DO NOT EDIT THIS FILE DIRECTLY.
# yarn lockfile v1


"@types/assert@^1.4.7":
  version "1.4.7"
  resolved "https://nexus.forchange.cn/repository/npm-group/@types/assert/-/assert-1.4.7.tgz#8add0d031e16e7ad87282f1b55c30813b4632cbd"
  integrity sha1-it0NAx4W562HKC8bVcMIE7RjLL0=

"@types/nanoid@^2.1.0":
  version "2.1.0"
  resolved "https://nexus.forchange.cn/repository/npm-group/@types/nanoid/-/nanoid-2.1.0.tgz#41edfda78986e9127d0dc14de982de766f994020"
  integrity sha1-Qe39p4mG6RJ9DcFN6YLedm+ZQCA=
  dependencies:
    "@types/node" "*"

"@types/node@*", "@types/node@^14.0.5":
  version "14.0.9"
  resolved "https://nexus.forchange.cn/repository/npm-group/@types/node/-/node-14.0.9.tgz#43896ab87fc82bda1dfd600cdf44a0c8a64e11d2"
  integrity sha1-Q4lquH/IK9od/WAM30SgyKZOEdI=

commander@^5.1.0:
  version "5.1.0"
  resolved "https://nexus.forchange.cn/repository/npm-group/commander/-/commander-5.1.0.tgz#46abbd1652f8e059bddaef99bbdcb2ad9cf179ae"
  integrity sha1-Rqu9FlL44Fm92u+Zu9yyrZzxea4=

nanoid@^3.1.9:
  version "3.1.9"
  resolved "https://nexus.forchange.cn/repository/npm-group/nanoid/-/nanoid-3.1.9.tgz#1f148669c70bb2072dc5af0666e46edb6cd31fb2"
  integrity sha1-HxSGaccLsgctxa8GZuRu22zTH7I=

prettier@^2.0.5:
  version "2.0.5"
  resolved "https://nexus.forchange.cn/repository/npm-group/prettier/-/prettier-2.0.5.tgz#d6d56282455243f2f92cc1716692c08aa31522d4"
  integrity sha1-1tVigkVSQ/L5LMFxZpLAiqMVItQ=

typescript@^3.9.3:
  version "3.9.3"
  resolved "https://nexus.forchange.cn/repository/npm-group/typescript/-/typescript-3.9.3.tgz#d3ac8883a97c26139e42df5e93eeece33d610b8a"
  integrity sha1-06yIg6l8JhOeQt9ek+7s4z1hC4o=
