# THIS IS AN AUTOGENERATED FILE. DO NOT EDIT THIS FILE DIRECTLY.
# yarn lockfile v1


"@babel/parser@^7.9.4":
  version "7.10.2"
  resolved "https://nexus.forchange.cn/repository/npm-group/@babel/parser/-/parser-7.10.2.tgz#871807f10442b92ff97e4783b9b54f6a0ca812d0"
  integrity sha1-hxgH8QRCuS/5fkeDubVPagyoEtA=

"@babel/runtime@^7.9.2":
  version "7.10.2"
  resolved "https://nexus.forchange.cn/repository/npm-group/@babel/runtime/-/runtime-7.10.2.tgz#d103f21f2602497d38348a32e008637d506db839"
  integrity sha1-0QPyHyYCSX04NIoy4AhjfVBtuDk=
  dependencies:
    regenerator-runtime "^0.13.4"

"@forchange/parc@^0.1.6":
  version "0.1.6"
  resolved "https://nexus.forchange.cn/repository/npm-group/@forchange/parc/-/parc-0.1.6.tgz#336c41ead92bb378a70d4a2be8bc59b422a4eb35"
  integrity sha512-NFXX0JANkQJN2dheTJ2PnLFzGkh54mf1TOnWPnPIbjHjQWmSYEr7rANVHZxOfB06ngxUXaZgBgxM6VBRYkLryg==

"@forchange/partech@^1.0.9":
  version "1.0.9"
  resolved "https://nexus.forchange.cn/repository/npm-group/@forchange/partech/-/partech-1.0.9.tgz#a83f12cf7d6c6dd570727324e46e86fd4b2fe18f"
  integrity sha512-1iVjYqqb9nys6/e4pd5VZitqB5YwVL1ZT3YoOmarBqSSp0DnUFkkmjpajbFJu2zQKoSNapvAKABDWOz7fP67LQ==
  dependencies:
    "@forchange/readable-regular-expression" "^0.0.10"
    chalk "^4.0.0"
    fast-deep-equal "^3.1.1"
    glob "^7.1.6"

"@forchange/readable-regular-expression@^0.0.10":
  version "0.0.10"
  resolved "https://nexus.forchange.cn/repository/npm-group/@forchange/readable-regular-expression/-/readable-regular-expression-0.0.10.tgz#e267a1fc08672f56a3fc6fc1831bec1150472d75"
  integrity sha512-kQA7IE/jcj+5Da9VykhOEB+M/c2RJhQah4FamP1JRMP3wUxELZ7cb1Ckp33Sba0QbN/78mrA6O+e/9WTBsvF3w==
  dependencies:
    fast-deep-equal "^3.1.1"

"@nodelib/fs.scandir@2.1.3":
  version "2.1.3"
  resolved "https://nexus.forchange.cn/repository/npm-group/@nodelib/fs.scandir/-/fs.scandir-2.1.3.tgz#3a582bdb53804c6ba6d146579c46e52130cf4a3b"
  integrity sha1-Olgr21OATGum0UZXnEblITDPSjs=
  dependencies:
    "@nodelib/fs.stat" "2.0.3"
    run-parallel "^1.1.9"

"@nodelib/fs.stat@2.0.3", "@nodelib/fs.stat@^2.0.2":
  version "2.0.3"
  resolved "https://nexus.forchange.cn/repository/npm-group/@nodelib/fs.stat/-/fs.stat-2.0.3.tgz#34dc5f4cabbc720f4e60f75a747e7ecd6c175bd3"
  integrity sha1-NNxfTKu8cg9OYPdadH5+zWwXW9M=

"@nodelib/fs.walk@^1.2.3":
  version "1.2.4"
  resolved "https://nexus.forchange.cn/repository/npm-group/@nodelib/fs.walk/-/fs.walk-1.2.4.tgz#011b9202a70a6366e436ca5c065844528ab04976"
  integrity sha1-ARuSAqcKY2bkNspcBlhEUoqwSXY=
  dependencies:
    "@nodelib/fs.scandir" "2.1.3"
    fastq "^1.6.0"

"@types/assert@^1.4.7":
  version "1.4.7"
  resolved "https://nexus.forchange.cn/repository/npm-group/@types/assert/-/assert-1.4.7.tgz#8add0d031e16e7ad87282f1b55c30813b4632cbd"
  integrity sha1-it0NAx4W562HKC8bVcMIE7RjLL0=

"@types/color-name@^1.1.1":
  version "1.1.1"
  resolved "https://nexus.forchange.cn/repository/npm-group/@types/color-name/-/color-name-1.1.1.tgz#1c1261bbeaa10a8055bbc5d8ab84b7b2afc846a0"
  integrity sha1-HBJhu+qhCoBVu8XYq4S3sq/IRqA=

"@types/fs-readdir-recursive@^1.0.0":
  version "1.0.0"
  resolved "https://nexus.forchange.cn/repository/npm-group/@types/fs-readdir-recursive/-/fs-readdir-recursive-1.0.0.tgz#404f77bdadc6b90cccd3f04d15f6dd85cdde38ef"
  integrity sha1-QE93va3GuQzM0/BNFfbdhc3eOO8=

"@types/glob@^7.1.1":
  version "7.1.2"
  resolved "https://nexus.forchange.cn/repository/npm-group/@types/glob/-/glob-7.1.2.tgz#06ca26521353a545d94a0adc74f38a59d232c987"
  integrity sha1-BsomUhNTpUXZSgrcdPOKWdIyyYc=
  dependencies:
    "@types/minimatch" "*"
    "@types/node" "*"

"@types/minimatch@*":
  version "3.0.3"
  resolved "https://nexus.forchange.cn/repository/npm-group/@types/minimatch/-/minimatch-3.0.3.tgz#3dca0e3f33b200fc7d1139c0cd96c1268cadfd9d"
  integrity sha1-PcoOPzOyAPx9ETnAzZbBJoyt/Z0=

"@types/nanoid@^2.1.0":
  version "2.1.0"
  resolved "https://nexus.forchange.cn/repository/npm-group/@types/nanoid/-/nanoid-2.1.0.tgz#41edfda78986e9127d0dc14de982de766f994020"
  integrity sha1-Qe39p4mG6RJ9DcFN6YLedm+ZQCA=
  dependencies:
    "@types/node" "*"

"@types/node@*", "@types/node@^14.0.9":
  version "14.0.9"
  resolved "https://nexus.forchange.cn/repository/npm-group/@types/node/-/node-14.0.9.tgz#43896ab87fc82bda1dfd600cdf44a0c8a64e11d2"
  integrity sha1-Q4lquH/IK9od/WAM30SgyKZOEdI=

ajv@^6.5.5:
  version "6.12.2"
  resolved "https://nexus.forchange.cn/repository/npm-group/ajv/-/ajv-6.12.2.tgz#c629c5eced17baf314437918d2da88c99d5958cd"
  integrity sha1-xinF7O0XuvMUQ3kY0tqIyZ1ZWM0=
  dependencies:
    fast-deep-equal "^3.1.1"
    fast-json-stable-stringify "^2.0.0"
    json-schema-traverse "^0.4.1"
    uri-js "^4.2.2"

ansi-styles@^4.1.0:
  version "4.2.1"
  resolved "https://nexus.forchange.cn/repository/npm-group/ansi-styles/-/ansi-styles-4.2.1.tgz#90ae75c424d008d2624c5bf29ead3177ebfcf359"
  integrity sha1-kK51xCTQCNJiTFvynq0xd+v881k=
  dependencies:
    "@types/color-name" "^1.1.1"
    color-convert "^2.0.1"

array-union@^2.1.0:
  version "2.1.0"
  resolved "https://nexus.forchange.cn/repository/npm-group/array-union/-/array-union-2.1.0.tgz#b798420adbeb1de828d84acd8a2e23d3efe85e8d"
  integrity sha1-t5hCCtvrHego2ErNii4j0+/oXo0=

asn1@~0.2.3:
  version "0.2.4"
  resolved "https://nexus.forchange.cn/repository/npm-group/asn1/-/asn1-0.2.4.tgz#8d2475dfab553bb33e77b54e59e880bb8ce23136"
  integrity sha1-jSR136tVO7M+d7VOWeiAu4ziMTY=
  dependencies:
    safer-buffer "~2.1.0"

assert-plus@1.0.0, assert-plus@^1.0.0:
  version "1.0.0"
  resolved "https://nexus.forchange.cn/repository/npm-group/assert-plus/-/assert-plus-1.0.0.tgz#f12e0f3c5d77b0b1cdd9146942e4e96c1e4dd525"
  integrity sha1-8S4PPF13sLHN2RRpQuTpbB5N1SU=

async@^2.6.2:
  version "2.6.3"
  resolved "https://nexus.forchange.cn/repository/npm-group/async/-/async-2.6.3.tgz#d72625e2344a3656e3a3ad4fa749fa83299d82ff"
  integrity sha1-1yYl4jRKNlbjo61Pp0n6gymdgv8=
  dependencies:
    lodash "^4.17.14"

asynckit@^0.4.0:
  version "0.4.0"
  resolved "https://nexus.forchange.cn/repository/npm-group/asynckit/-/asynckit-0.4.0.tgz#c79ed97f7f34cb8f2ba1bc9790bcc366474b4b79"
  integrity sha1-x57Zf380y48robyXkLzDZkdLS3k=

aws-sign2@~0.7.0:
  version "0.7.0"
  resolved "https://nexus.forchange.cn/repository/npm-group/aws-sign2/-/aws-sign2-0.7.0.tgz#b46e890934a9591f2d2f6f86d7e6a9f1b3fe76a8"
  integrity sha1-tG6JCTSpWR8tL2+G1+ap8bP+dqg=

aws4@^1.8.0:
  version "1.10.0"
  resolved "https://nexus.forchange.cn/repository/npm-group/aws4/-/aws4-1.10.0.tgz#a17b3a8ea811060e74d47d306122400ad4497ae2"
  integrity sha1-oXs6jqgRBg501H0wYSJACtRJeuI=

balanced-match@^1.0.0:
  version "1.0.0"
  resolved "https://nexus.forchange.cn/repository/npm-group/balanced-match/-/balanced-match-1.0.0.tgz#89b4d199ab2bee49de164ea02b89ce462d71b767"
  integrity sha1-ibTRmasr7kneFk6gK4nORi1xt2c=

bcrypt-pbkdf@^1.0.0:
  version "1.0.2"
  resolved "https://nexus.forchange.cn/repository/npm-group/bcrypt-pbkdf/-/bcrypt-pbkdf-1.0.2.tgz#a4301d389b6a43f9b67ff3ca11a3f6637e360e9e"
  integrity sha1-pDAdOJtqQ/m2f/PKEaP2Y342Dp4=
  dependencies:
    tweetnacl "^0.14.3"

brace-expansion@^1.1.7:
  version "1.1.11"
  resolved "https://nexus.forchange.cn/repository/npm-group/brace-expansion/-/brace-expansion-1.1.11.tgz#3c7fcbf529d87226f3d2f52b966ff5271eb441dd"
  integrity sha1-PH/L9SnYcibz0vUrlm/1Jx60Qd0=
  dependencies:
    balanced-match "^1.0.0"
    concat-map "0.0.1"

braces@^3.0.1:
  version "3.0.2"
  resolved "https://nexus.forchange.cn/repository/npm-group/braces/-/braces-3.0.2.tgz#3454e1a462ee8d599e236df336cd9ea4f8afe107"
  integrity sha1-NFThpGLujVmeI23zNs2epPiv4Qc=
  dependencies:
    fill-range "^7.0.1"

byline@^5.0.0:
  version "5.0.0"
  resolved "https://nexus.forchange.cn/repository/npm-group/byline/-/byline-5.0.0.tgz#741c5216468eadc457b03410118ad77de8c1ddb1"
  integrity sha1-dBxSFkaOrcRXsDQQEYrXfejB3bE=

caseless@~0.12.0:
  version "0.12.0"
  resolved "https://nexus.forchange.cn/repository/npm-group/caseless/-/caseless-0.12.0.tgz#1b681c21ff84033c826543090689420d187151dc"
  integrity sha1-G2gcIf+EAzyCZUMJBolCDRhxUdw=

chalk@^3.0.0:
  version "3.0.0"
  resolved "https://nexus.forchange.cn/repository/npm-group/chalk/-/chalk-3.0.0.tgz#3f73c2bf526591f574cc492c51e2456349f844e4"
  integrity sha1-P3PCv1JlkfV0zEksUeJFY0n4ROQ=
  dependencies:
    ansi-styles "^4.1.0"
    supports-color "^7.1.0"

chalk@^4.0.0:
  version "4.0.0"
  resolved "https://nexus.forchange.cn/repository/npm-group/chalk/-/chalk-4.0.0.tgz#6e98081ed2d17faab615eb52ac66ec1fe6209e72"
  integrity sha1-bpgIHtLRf6q2FetSrGbsH+YgnnI=
  dependencies:
    ansi-styles "^4.1.0"
    supports-color "^7.1.0"

color-convert@^2.0.1:
  version "2.0.1"
  resolved "https://nexus.forchange.cn/repository/npm-group/color-convert/-/color-convert-2.0.1.tgz#72d3a68d598c9bdb3af2ad1e84f21d896abd4de3"
  integrity sha1-ctOmjVmMm9s68q0ehPIdiWq9TeM=
  dependencies:
    color-name "~1.1.4"

color-name@~1.1.4:
  version "1.1.4"
  resolved "https://nexus.forchange.cn/repository/npm-group/color-name/-/color-name-1.1.4.tgz#c2a09a87acbde69543de6f63fa3995c826c536a2"
  integrity sha1-wqCah6y95pVD3m9j+jmVyCbFNqI=

combined-stream@^1.0.6, combined-stream@~1.0.6:
  version "1.0.8"
  resolved "https://nexus.forchange.cn/repository/npm-group/combined-stream/-/combined-stream-1.0.8.tgz#c3d45a8b34fd730631a110a8a2520682b31d5a7f"
  integrity sha1-w9RaizT9cwYxoRCoolIGgrMdWn8=
  dependencies:
    delayed-stream "~1.0.0"

commander@^5.1.0:
  version "5.1.0"
  resolved "https://nexus.forchange.cn/repository/npm-group/commander/-/commander-5.1.0.tgz#46abbd1652f8e059bddaef99bbdcb2ad9cf179ae"
  integrity sha1-Rqu9FlL44Fm92u+Zu9yyrZzxea4=

commander@~2.20.3:
  version "2.20.3"
  resolved "https://nexus.forchange.cn/repository/npm-group/commander/-/commander-2.20.3.tgz#fd485e84c03eb4881c20722ba48035e8531aeb33"
  integrity sha1-/UhehMA+tIgcIHIrpIA16FMa6zM=

concat-map@0.0.1:
  version "0.0.1"
  resolved "https://nexus.forchange.cn/repository/npm-group/concat-map/-/concat-map-0.0.1.tgz#d8a96bd77fd68df7793a73036a3ba0d5405d477b"
  integrity sha1-2Klr13/Wjfd5OnMDajug1UBdR3s=

core-util-is@1.0.2, core-util-is@~1.0.0:
  version "1.0.2"
  resolved "https://nexus.forchange.cn/repository/npm-group/core-util-is/-/core-util-is-1.0.2.tgz#b5fd54220aa2bc5ab57aab7140c940754503c1a7"
  integrity sha1-tf1UIgqivFq1eqtxQMlAdUUDwac=

dashdash@^1.12.0:
  version "1.14.1"
  resolved "https://nexus.forchange.cn/repository/npm-group/dashdash/-/dashdash-1.14.1.tgz#853cfa0f7cbe2fed5de20326b8dd581035f6e2f0"
  integrity sha1-hTz6D3y+L+1d4gMmuN1YEDX24vA=
  dependencies:
    assert-plus "^1.0.0"

debug@^3.1.1:
  version "3.2.6"
  resolved "https://nexus.forchange.cn/repository/npm-group/debug/-/debug-3.2.6.tgz#e83d17de16d8a7efb7717edbe5fb10135eee629b"
  integrity sha1-6D0X3hbYp++3cX7b5fsQE17uYps=
  dependencies:
    ms "^2.1.1"

deep-is@~0.1.3:
  version "0.1.3"
  resolved "https://nexus.forchange.cn/repository/npm-group/deep-is/-/deep-is-0.1.3.tgz#b369d6fb5dbc13eecf524f91b070feedc357cf34"
  integrity sha1-s2nW+128E+7PUk+RsHD+7cNXzzQ=

delayed-stream@~1.0.0:
  version "1.0.0"
  resolved "https://nexus.forchange.cn/repository/npm-group/delayed-stream/-/delayed-stream-1.0.0.tgz#df3ae199acadfb7d440aaae0b29e2272b24ec619"
  integrity sha1-3zrhmayt+31ECqrgsp4icrJOxhk=

dir-glob@^3.0.1:
  version "3.0.1"
  resolved "https://nexus.forchange.cn/repository/npm-group/dir-glob/-/dir-glob-3.0.1.tgz#56dbf73d992a4a93ba1584f4534063fd2e41717f"
  integrity sha1-Vtv3PZkqSpO6FYT0U0Bj/S5BcX8=
  dependencies:
    path-type "^4.0.0"

ecc-jsbn@~0.1.1:
  version "0.1.2"
  resolved "https://nexus.forchange.cn/repository/npm-group/ecc-jsbn/-/ecc-jsbn-0.1.2.tgz#3a83a904e54353287874c564b7549386849a98c9"
  integrity sha1-OoOpBOVDUyh4dMVkt1SThoSamMk=
  dependencies:
    jsbn "~0.1.0"
    safer-buffer "^2.1.0"

escodegen@^1.14.1:
  version "1.14.2"
  resolved "https://nexus.forchange.cn/repository/npm-group/escodegen/-/escodegen-1.14.2.tgz#14ab71bf5026c2aa08173afba22c6f3173284a84"
  integrity sha1-FKtxv1AmwqoIFzr7oixvMXMoSoQ=
  dependencies:
    esprima "^4.0.1"
    estraverse "^4.2.0"
    esutils "^2.0.2"
    optionator "^0.8.1"
  optionalDependencies:
    source-map "~0.6.1"

esprima@^4.0.1:
  version "4.0.1"
  resolved "https://nexus.forchange.cn/repository/npm-group/esprima/-/esprima-4.0.1.tgz#13b04cdb3e6c5d19df91ab6987a8695619b0aa71"
  integrity sha1-E7BM2z5sXRnfkatph6hpVhmwqnE=

estraverse@^4.2.0:
  version "4.3.0"
  resolved "https://nexus.forchange.cn/repository/npm-group/estraverse/-/estraverse-4.3.0.tgz#398ad3f3c5a24948be7725e83d11a7de28cdbd1d"
  integrity sha1-OYrT88WiSUi+dyXoPRGn3ijNvR0=

esutils@^2.0.2:
  version "2.0.3"
  resolved "https://nexus.forchange.cn/repository/npm-group/esutils/-/esutils-2.0.3.tgz#74d2eb4de0b8da1293711910d50775b9b710ef64"
  integrity sha1-dNLrTeC42hKTcRkQ1Qd1ubcQ72Q=

expand-template@^2.0.3:
  version "2.0.3"
  resolved "https://nexus.forchange.cn/repository/npm-group/expand-template/-/expand-template-2.0.3.tgz#6e14b3fcee0f3a6340ecb57d2e8918692052a47c"
  integrity sha1-bhSz/O4POmNA7LV9LokYaSBSpHw=

extend@~3.0.2:
  version "3.0.2"
  resolved "https://nexus.forchange.cn/repository/npm-group/extend/-/extend-3.0.2.tgz#f8b1136b4071fbd8eb140aff858b1019ec2915fa"
  integrity sha1-+LETa0Bx+9jrFAr/hYsQGewpFfo=

extsprintf@1.3.0:
  version "1.3.0"
  resolved "https://nexus.forchange.cn/repository/npm-group/extsprintf/-/extsprintf-1.3.0.tgz#96918440e3041a7a414f8c52e3c574eb3c3e1e05"
  integrity sha1-lpGEQOMEGnpBT4xS48V06zw+HgU=

extsprintf@^1.2.0:
  version "1.4.0"
  resolved "https://nexus.forchange.cn/repository/npm-group/extsprintf/-/extsprintf-1.4.0.tgz#e2689f8f356fad62cca65a3a91c5df5f9551692f"
  integrity sha1-4mifjzVvrWLMplo6kcXfX5VRaS8=

fast-deep-equal@^3.1.1:
  version "3.1.1"
  resolved "https://nexus.forchange.cn/repository/npm-group/fast-deep-equal/-/fast-deep-equal-3.1.1.tgz#545145077c501491e33b15ec408c294376e94ae4"
  integrity sha1-VFFFB3xQFJHjOxXsQIwpQ3bpSuQ=

fast-glob@^3.1.1:
  version "3.2.2"
  resolved "https://nexus.forchange.cn/repository/npm-group/fast-glob/-/fast-glob-3.2.2.tgz#ade1a9d91148965d4bf7c51f72e1ca662d32e63d"
  integrity sha1-reGp2RFIll1L98UfcuHKZi0y5j0=
  dependencies:
    "@nodelib/fs.stat" "^2.0.2"
    "@nodelib/fs.walk" "^1.2.3"
    glob-parent "^5.1.0"
    merge2 "^1.3.0"
    micromatch "^4.0.2"
    picomatch "^2.2.1"

fast-json-stable-stringify@^2.0.0:
  version "2.1.0"
  resolved "https://nexus.forchange.cn/repository/npm-group/fast-json-stable-stringify/-/fast-json-stable-stringify-2.1.0.tgz#874bf69c6f404c2b5d99c481341399fd55892633"
  integrity sha1-h0v2nG9ATCtdmcSBNBOZ/VWJJjM=

fast-levenshtein@~2.0.6:
  version "2.0.6"
  resolved "https://nexus.forchange.cn/repository/npm-group/fast-levenshtein/-/fast-levenshtein-2.0.6.tgz#3d8a5c66883a16a30ca8643e851f19baa7797917"
  integrity sha1-PYpcZog6FqMMqGQ+hR8Zuqd5eRc=

fastq@^1.6.0:
  version "1.8.0"
  resolved "https://nexus.forchange.cn/repository/npm-group/fastq/-/fastq-1.8.0.tgz#550e1f9f59bbc65fe185cb6a9b4d95357107f481"
  integrity sha1-VQ4fn1m7xl/hhctqm02VNXEH9IE=
  dependencies:
    reusify "^1.0.4"

fill-range@^7.0.1:
  version "7.0.1"
  resolved "https://nexus.forchange.cn/repository/npm-group/fill-range/-/fill-range-7.0.1.tgz#1919a6a7c75fe38b2c7c77e5198535da9acdda40"
  integrity sha1-GRmmp8df44ssfHflGYU12prN2kA=
  dependencies:
    to-regex-range "^5.0.1"

forever-agent@~0.6.1:
  version "0.6.1"
  resolved "https://nexus.forchange.cn/repository/npm-group/forever-agent/-/forever-agent-0.6.1.tgz#fbc71f0c41adeb37f96c577ad1ed42d8fdacca91"
  integrity sha1-+8cfDEGt6zf5bFd60e1C2P2sypE=

form-data@~2.3.2:
  version "2.3.3"
  resolved "https://nexus.forchange.cn/repository/npm-group/form-data/-/form-data-2.3.3.tgz#dcce52c05f644f298c6a7ab936bd724ceffbf3a6"
  integrity sha1-3M5SwF9kTymManq5Nr1yTO/786Y=
  dependencies:
    asynckit "^0.4.0"
    combined-stream "^1.0.6"
    mime-types "^2.1.12"

from2@^2.3.0:
  version "2.3.0"
  resolved "https://nexus.forchange.cn/repository/npm-group/from2/-/from2-2.3.0.tgz#8bfb5502bde4a4d36cfdeea007fcca21d7e382af"
  integrity sha1-i/tVAr3kpNNs/e6gB/zKIdfjgq8=
  dependencies:
    inherits "^2.0.1"
    readable-stream "^2.0.0"

fs-extra@^8.1.0:
  version "8.1.0"
  resolved "https://nexus.forchange.cn/repository/npm-group/fs-extra/-/fs-extra-8.1.0.tgz#49d43c45a88cd9677668cb7be1b46efdb8d2e1c0"
  integrity sha1-SdQ8RaiM2Wd2aMt74bRu/bjS4cA=
  dependencies:
    graceful-fs "^4.2.0"
    jsonfile "^4.0.0"
    universalify "^0.1.0"

fs-readdir-recursive@^1.1.0:
  version "1.1.0"
  resolved "https://nexus.forchange.cn/repository/npm-group/fs-readdir-recursive/-/fs-readdir-recursive-1.1.0.tgz#e32fc030a2ccee44a6b5371308da54be0b397d27"
  integrity sha1-4y/AMKLM7kSmtTcTCNpUvgs5fSc=

fs.realpath@^1.0.0:
  version "1.0.0"
  resolved "https://nexus.forchange.cn/repository/npm-group/fs.realpath/-/fs.realpath-1.0.0.tgz#1504ad2523158caa40db4a2787cb01411994ea4f"
  integrity sha1-FQStJSMVjKpA20onh8sBQRmU6k8=

getpass@^0.1.1:
  version "0.1.7"
  resolved "https://nexus.forchange.cn/repository/npm-group/getpass/-/getpass-0.1.7.tgz#5eff8e3e684d569ae4cb2b1282604e8ba62149fa"
  integrity sha1-Xv+OPmhNVprkyysSgmBOi6YhSfo=
  dependencies:
    assert-plus "^1.0.0"

glob-parent@^5.1.0:
  version "5.1.1"
  resolved "https://nexus.forchange.cn/repository/npm-group/glob-parent/-/glob-parent-5.1.1.tgz#b6c1ef417c4e5663ea498f1c45afac6916bbc229"
  integrity sha1-tsHvQXxOVmPqSY8cRa+saRa7wik=
  dependencies:
    is-glob "^4.0.1"

glob@^7.0.0, glob@^7.1.6:
  version "7.1.6"
  resolved "https://nexus.forchange.cn/repository/npm-group/glob/-/glob-7.1.6.tgz#141f33b81a7c2492e125594307480c46679278a6"
  integrity sha1-FB8zuBp8JJLhJVlDB0gMRmeSeKY=
  dependencies:
    fs.realpath "^1.0.0"
    inflight "^1.0.4"
    inherits "2"
    minimatch "^3.0.4"
    once "^1.3.0"
    path-is-absolute "^1.0.0"

globby@^11.0.0:
  version "11.0.1"
  resolved "https://nexus.forchange.cn/repository/npm-group/globby/-/globby-11.0.1.tgz#9a2bf107a068f3ffeabc49ad702c79ede8cfd357"
  integrity sha1-mivxB6Bo8//qvEmtcCx57ejP01c=
  dependencies:
    array-union "^2.1.0"
    dir-glob "^3.0.1"
    fast-glob "^3.1.1"
    ignore "^5.1.4"
    merge2 "^1.3.0"
    slash "^3.0.0"

graceful-fs@^4.1.6, graceful-fs@^4.2.0:
  version "4.2.4"
  resolved "https://nexus.forchange.cn/repository/npm-group/graceful-fs/-/graceful-fs-4.2.4.tgz#2256bde14d3632958c465ebc96dc467ca07a29fb"
  integrity sha1-Ila94U02MpWMRl68ltxGfKB6Kfs=

handlebars@^4.7.6:
  version "4.7.6"
  resolved "https://nexus.forchange.cn/repository/npm-group/handlebars/-/handlebars-4.7.6.tgz#d4c05c1baf90e9945f77aa68a7a219aa4a7df74e"
  integrity sha1-1MBcG6+Q6ZRfd6pop6IZqkp9904=
  dependencies:
    minimist "^1.2.5"
    neo-async "^2.6.0"
    source-map "^0.6.1"
    wordwrap "^1.0.0"
  optionalDependencies:
    uglify-js "^3.1.4"

har-schema@^2.0.0:
  version "2.0.0"
  resolved "https://nexus.forchange.cn/repository/npm-group/har-schema/-/har-schema-2.0.0.tgz#a94c2224ebcac04782a0d9035521f24735b7ec92"
  integrity sha1-qUwiJOvKwEeCoNkDVSHyRzW37JI=

har-validator@~5.1.3:
  version "5.1.3"
  resolved "https://nexus.forchange.cn/repository/npm-group/har-validator/-/har-validator-5.1.3.tgz#1ef89ebd3e4996557675eed9893110dc350fa080"
  integrity sha1-HvievT5JllV2de7ZiTEQ3DUPoIA=
  dependencies:
    ajv "^6.5.5"
    har-schema "^2.0.0"

has-flag@^4.0.0:
  version "4.0.0"
  resolved "https://nexus.forchange.cn/repository/npm-group/has-flag/-/has-flag-4.0.0.tgz#944771fd9c81c81265c4d6941860da06bb59479b"
  integrity sha1-lEdx/ZyByBJlxNaUGGDaBrtZR5s=

highlight.js@^10.0.0:
  version "10.0.3"
  resolved "https://nexus.forchange.cn/repository/npm-group/highlight.js/-/highlight.js-10.0.3.tgz#5effcc58420f113f279a0badb8ac50c4be06e63b"
  integrity sha1-Xv/MWEIPET8nmgutuKxQxL4G5js=

http-signature@~1.2.0:
  version "1.2.0"
  resolved "https://nexus.forchange.cn/repository/npm-group/http-signature/-/http-signature-1.2.0.tgz#9aecd925114772f3d95b65a60abb8f7c18fbace1"
  integrity sha1-muzZJRFHcvPZW2WmCruPfBj7rOE=
  dependencies:
    assert-plus "^1.0.0"
    jsprim "^1.2.2"
    sshpk "^1.7.0"

iconv-lite@^0.5.1:
  version "0.5.1"
  resolved "https://nexus.forchange.cn/repository/npm-group/iconv-lite/-/iconv-lite-0.5.1.tgz#b2425d3c7b18f7219f2ca663d103bddb91718d64"
  integrity sha1-skJdPHsY9yGfLKZj0QO925FxjWQ=
  dependencies:
    safer-buffer ">= 2.1.2 < 3"

ignore@^5.1.4:
  version "5.1.8"
  resolved "https://nexus.forchange.cn/repository/npm-group/ignore/-/ignore-5.1.8.tgz#f150a8b50a34289b33e22f5889abd4d8016f0e57"
  integrity sha1-8VCotQo0KJsz4i9YiavU2AFvDlc=

immediate@~3.0.5:
  version "3.0.6"
  resolved "https://nexus.forchange.cn/repository/npm-group/immediate/-/immediate-3.0.6.tgz#9db1dbd0faf8de6fbe0f5dd5e56bb606280de69b"
  integrity sha1-nbHb0Pr43m++D13V5Wu2BigN5ps=

inflight@^1.0.4:
  version "1.0.6"
  resolved "https://nexus.forchange.cn/repository/npm-group/inflight/-/inflight-1.0.6.tgz#49bd6331d7d02d0c09bc910a1075ba8165b56df9"
  integrity sha1-Sb1jMdfQLQwJvJEKEHW6gWW1bfk=
  dependencies:
    once "^1.3.0"
    wrappy "1"

inherits@2, inherits@^2.0.1, inherits@~2.0.3:
  version "2.0.4"
  resolved "https://nexus.forchange.cn/repository/npm-group/inherits/-/inherits-2.0.4.tgz#0fa2c64f932917c3433a0ded55363aae37416b7c"
  integrity sha1-D6LGT5MpF8NDOg3tVTY6rjdBa3w=

interpret@^1.0.0:
  version "1.4.0"
  resolved "https://nexus.forchange.cn/repository/npm-group/interpret/-/interpret-1.4.0.tgz#665ab8bc4da27a774a40584e812e3e0fa45b1a1e"
  integrity sha1-Zlq4vE2iendKQFhOgS4+D6RbGh4=

into-stream@^5.1.1:
  version "5.1.1"
  resolved "https://nexus.forchange.cn/repository/npm-group/into-stream/-/into-stream-5.1.1.tgz#f9a20a348a11f3c13face22763f2d02e127f4db8"
  integrity sha1-+aIKNIoR88E/rOInY/LQLhJ/Tbg=
  dependencies:
    from2 "^2.3.0"
    p-is-promise "^3.0.0"

is-extglob@^2.1.1:
  version "2.1.1"
  resolved "https://nexus.forchange.cn/repository/npm-group/is-extglob/-/is-extglob-2.1.1.tgz#a88c02535791f02ed37c76a1b9ea9773c833f8c2"
  integrity sha1-qIwCU1eR8C7TfHahueqXc8gz+MI=

is-glob@^4.0.1:
  version "4.0.1"
  resolved "https://nexus.forchange.cn/repository/npm-group/is-glob/-/is-glob-4.0.1.tgz#7567dbe9f2f5e2467bc77ab83c4a29482407a5dc"
  integrity sha1-dWfb6fL14kZ7x3q4PEopSCQHpdw=
  dependencies:
    is-extglob "^2.1.1"

is-number@^7.0.0:
  version "7.0.0"
  resolved "https://nexus.forchange.cn/repository/npm-group/is-number/-/is-number-7.0.0.tgz#7535345b896734d5f80c4d06c50955527a14f12b"
  integrity sha1-dTU0W4lnNNX4DE0GxQlVUnoU8Ss=

is-typedarray@~1.0.0:
  version "1.0.0"
  resolved "https://nexus.forchange.cn/repository/npm-group/is-typedarray/-/is-typedarray-1.0.0.tgz#e479c80858df0c1b11ddda6940f96011fcda4a9a"
  integrity sha1-5HnICFjfDBsR3dppQPlgEfzaSpo=

isarray@~1.0.0:
  version "1.0.0"
  resolved "https://nexus.forchange.cn/repository/npm-group/isarray/-/isarray-1.0.0.tgz#bb935d48582cba168c06834957a54a3e07124f11"
  integrity sha1-u5NdSFgsuhaMBoNJV6VKPgcSTxE=

isstream@~0.1.2:
  version "0.1.2"
  resolved "https://nexus.forchange.cn/repository/npm-group/isstream/-/isstream-0.1.2.tgz#47e63f7af55afa6f92e1500e690eb8b8529c099a"
  integrity sha1-R+Y/evVa+m+S4VAOaQ64uFKcCZo=

jsbn@~0.1.0:
  version "0.1.1"
  resolved "https://nexus.forchange.cn/repository/npm-group/jsbn/-/jsbn-0.1.1.tgz#a5e654c2e5a2deb5f201d96cefbca80c0ef2f513"
  integrity sha1-peZUwuWi3rXyAdls77yoDA7y9RM=

json-schema-traverse@^0.4.1:
  version "0.4.1"
  resolved "https://nexus.forchange.cn/repository/npm-group/json-schema-traverse/-/json-schema-traverse-0.4.1.tgz#69f6a87d9513ab8bb8fe63bdb0979c448e684660"
  integrity sha1-afaofZUTq4u4/mO9sJecRI5oRmA=

json-schema@0.2.3:
  version "0.2.3"
  resolved "https://nexus.forchange.cn/repository/npm-group/json-schema/-/json-schema-0.2.3.tgz#b480c892e59a2f05954ce727bd3f2a4e882f9e13"
  integrity sha1-tIDIkuWaLwWVTOcnvT8qTogvnhM=

json-stringify-safe@~5.0.1:
  version "5.0.1"
  resolved "https://nexus.forchange.cn/repository/npm-group/json-stringify-safe/-/json-stringify-safe-5.0.1.tgz#1296a2d58fd45f19a0f6ce01d65701e2c735b6eb"
  integrity sha1-Epai1Y/UXxmg9s4B1lcB4sc1tus=

jsonfile@^4.0.0:
  version "4.0.0"
  resolved "https://nexus.forchange.cn/repository/npm-group/jsonfile/-/jsonfile-4.0.0.tgz#8771aae0799b64076b76640fca058f9c10e33ecb"
  integrity sha1-h3Gq4HmbZAdrdmQPygWPnBDjPss=
  optionalDependencies:
    graceful-fs "^4.1.6"

jsprim@^1.2.2:
  version "1.4.1"
  resolved "https://nexus.forchange.cn/repository/npm-group/jsprim/-/jsprim-1.4.1.tgz#313e66bc1e5cc06e438bc1b7499c2e5c56acb6a2"
  integrity sha1-MT5mvB5cwG5Di8G3SZwuXFastqI=
  dependencies:
    assert-plus "1.0.0"
    extsprintf "1.3.0"
    json-schema "0.2.3"
    verror "1.10.0"

jszip@^3.4.0:
  version "3.4.0"
  resolved "https://nexus.forchange.cn/repository/npm-group/jszip/-/jszip-3.4.0.tgz#1a69421fa5f0bb9bc222a46bca88182fba075350"
  integrity sha1-GmlCH6Xwu5vCIqRryogYL7oHU1A=
  dependencies:
    lie "~3.3.0"
    pako "~1.0.2"
    readable-stream "~2.3.6"
    set-immediate-shim "~1.0.1"

levn@~0.3.0:
  version "0.3.0"
  resolved "https://nexus.forchange.cn/repository/npm-group/levn/-/levn-0.3.0.tgz#3b09924edf9f083c0490fdd4c0bc4421e04764ee"
  integrity sha1-OwmSTt+fCDwEkP3UwLxEIeBHZO4=
  dependencies:
    prelude-ls "~1.1.2"
    type-check "~0.3.2"

lie@~3.3.0:
  version "3.3.0"
  resolved "https://nexus.forchange.cn/repository/npm-group/lie/-/lie-3.3.0.tgz#dcf82dee545f46074daf200c7c1c5a08e0f40f6a"
  integrity sha1-3Pgt7lRfRgdNryAMfBxaCOD0D2o=
  dependencies:
    immediate "~3.0.5"

lodash@^4.17.14, lodash@^4.17.15:
  version "4.17.15"
  resolved "https://nexus.forchange.cn/repository/npm-group/lodash/-/lodash-4.17.15.tgz#b447f6670a0455bbfeedd11392eff330ea097548"
  integrity sha1-tEf2ZwoEVbv+7dETku/zMOoJdUg=

lunr@^2.3.8:
  version "2.3.8"
  resolved "https://nexus.forchange.cn/repository/npm-group/lunr/-/lunr-2.3.8.tgz#a8b89c31f30b5a044b97d2d28e2da191b6ba2072"
  integrity sha1-qLicMfMLWgRLl9LSji2hkba6IHI=

marked@1.0.0:
  version "1.0.0"
  resolved "https://nexus.forchange.cn/repository/npm-group/marked/-/marked-1.0.0.tgz#d35784245a04871e5988a491e28867362e941693"
  integrity sha1-01eEJFoEhx5ZiKSR4ohnNi6UFpM=

merge2@^1.3.0:
  version "1.4.1"
  resolved "https://nexus.forchange.cn/repository/npm-group/merge2/-/merge2-1.4.1.tgz#4368892f885e907455a6fd7dc55c0c9d404990ae"
  integrity sha1-Q2iJL4hekHRVpv19xVwMnUBJkK4=

micromatch@^4.0.2:
  version "4.0.2"
  resolved "https://nexus.forchange.cn/repository/npm-group/micromatch/-/micromatch-4.0.2.tgz#4fcb0999bf9fbc2fcbdd212f6d629b9a56c39259"
  integrity sha1-T8sJmb+fvC/L3SEvbWKbmlbDklk=
  dependencies:
    braces "^3.0.1"
    picomatch "^2.0.5"

mime-db@1.44.0:
  version "1.44.0"
  resolved "https://nexus.forchange.cn/repository/npm-group/mime-db/-/mime-db-1.44.0.tgz#fa11c5eb0aca1334b4233cb4d52f10c5a6272f92"
  integrity sha1-+hHF6wrKEzS0Izy01S8QxaYnL5I=

mime-types@^2.1.12, mime-types@~2.1.19:
  version "2.1.27"
  resolved "https://nexus.forchange.cn/repository/npm-group/mime-types/-/mime-types-2.1.27.tgz#47949f98e279ea53119f5722e0f34e529bec009f"
  integrity sha1-R5SfmOJ56lMRn1ci4PNOUpvsAJ8=
  dependencies:
    mime-db "1.44.0"

minimatch@^3.0.0, minimatch@^3.0.4:
  version "3.0.4"
  resolved "https://nexus.forchange.cn/repository/npm-group/minimatch/-/minimatch-3.0.4.tgz#5166e286457f03306064be5497e8dbb0c3d32083"
  integrity sha1-UWbihkV/AzBgZL5Ul+jbsMPTIIM=
  dependencies:
    brace-expansion "^1.1.7"

minimist@^1.2.5:
  version "1.2.5"
  resolved "https://nexus.forchange.cn/repository/npm-group/minimist/-/minimist-1.2.5.tgz#67d66014b66a6a8aaa0c083c5fd58df4e4e97602"
  integrity sha1-Z9ZgFLZqaoqqDAg8X9WN9OTpdgI=

mkdirp@^0.5.1:
  version "0.5.5"
  resolved "https://nexus.forchange.cn/repository/npm-group/mkdirp/-/mkdirp-0.5.5.tgz#d91cefd62d1436ca0f41620e251288d420099def"
  integrity sha1-2Rzv1i0UNsoPQWIOJRKI1CAJne8=
  dependencies:
    minimist "^1.2.5"

ms@^2.1.1:
  version "2.1.2"
  resolved "https://nexus.forchange.cn/repository/npm-group/ms/-/ms-2.1.2.tgz#d09d1f357b443f493382a8eb3ccd183872ae6009"
  integrity sha1-0J0fNXtEP0kzgqjrPM0YOHKuYAk=

multistream@^2.1.1:
  version "2.1.1"
  resolved "https://nexus.forchange.cn/repository/npm-group/multistream/-/multistream-2.1.1.tgz#629d3a29bd76623489980d04519a2c365948148c"
  integrity sha1-Yp06Kb12YjSJmA0EUZosNllIFIw=
  dependencies:
    inherits "^2.0.1"
    readable-stream "^2.0.5"

nanoid@^3.1.9:
  version "3.1.9"
  resolved "https://nexus.forchange.cn/repository/npm-group/nanoid/-/nanoid-3.1.9.tgz#1f148669c70bb2072dc5af0666e46edb6cd31fb2"
  integrity sha1-HxSGaccLsgctxa8GZuRu22zTH7I=

neo-async@^2.6.0:
  version "2.6.1"
  resolved "https://nexus.forchange.cn/repository/npm-group/neo-async/-/neo-async-2.6.1.tgz#ac27ada66167fa8849a6addd837f6b189ad2081c"
  integrity sha1-rCetpmFn+ohJpq3dg39rGJrSCBw=

oauth-sign@~0.9.0:
  version "0.9.0"
  resolved "https://nexus.forchange.cn/repository/npm-group/oauth-sign/-/oauth-sign-0.9.0.tgz#47a7b016baa68b5fa0ecf3dee08a85c679ac6455"
  integrity sha1-R6ewFrqmi1+g7PPe4IqFxnmsZFU=

once@^1.3.0:
  version "1.4.0"
  resolved "https://nexus.forchange.cn/repository/npm-group/once/-/once-1.4.0.tgz#583b1aa775961d4b113ac17d9c50baef9dd76bd1"
  integrity sha1-WDsap3WWHUsROsF9nFC6753Xa9E=
  dependencies:
    wrappy "1"

optionator@^0.8.1:
  version "0.8.3"
  resolved "https://nexus.forchange.cn/repository/npm-group/optionator/-/optionator-0.8.3.tgz#84fa1d036fe9d3c7e21d99884b601167ec8fb495"
  integrity sha1-hPodA2/p08fiHZmIS2ARZ+yPtJU=
  dependencies:
    deep-is "~0.1.3"
    fast-levenshtein "~2.0.6"
    levn "~0.3.0"
    prelude-ls "~1.1.2"
    type-check "~0.3.2"
    word-wrap "~1.2.3"

os-tmpdir@^1.0.1:
  version "1.0.2"
  resolved "https://nexus.forchange.cn/repository/npm-group/os-tmpdir/-/os-tmpdir-1.0.2.tgz#bbe67406c79aa85c5cfec766fe5734555dfa1274"
  integrity sha1-u+Z0BseaqFxc/sdm/lc0VV36EnQ=

p-is-promise@^3.0.0:
  version "3.0.0"
  resolved "https://nexus.forchange.cn/repository/npm-group/p-is-promise/-/p-is-promise-3.0.0.tgz#58e78c7dfe2e163cf2a04ff869e7c1dba64a5971"
  integrity sha1-WOeMff4uFjzyoE/4aefB26ZKWXE=

pako@~1.0.2:
  version "1.0.11"
  resolved "https://nexus.forchange.cn/repository/npm-group/pako/-/pako-1.0.11.tgz#6c9599d340d54dfd3946380252a35705a6b992bf"
  integrity sha1-bJWZ00DVTf05RjgCUqNXBaa5kr8=

path-is-absolute@^1.0.0:
  version "1.0.1"
  resolved "https://nexus.forchange.cn/repository/npm-group/path-is-absolute/-/path-is-absolute-1.0.1.tgz#174b9268735534ffbc7ace6bf53a5a9e1b5c5f5f"
  integrity sha1-F0uSaHNVNP+8es5r9TpanhtcX18=

path-parse@^1.0.6:
  version "1.0.6"
  resolved "https://nexus.forchange.cn/repository/npm-group/path-parse/-/path-parse-1.0.6.tgz#d62dbb5679405d72c4737ec58600e9ddcf06d24c"
  integrity sha1-1i27VnlAXXLEc37FhgDp3c8G0kw=

path-type@^4.0.0:
  version "4.0.0"
  resolved "https://nexus.forchange.cn/repository/npm-group/path-type/-/path-type-4.0.0.tgz#84ed01c0a7ba380afe09d90a8c180dcd9d03043b"
  integrity sha1-hO0BwKe6OAr+CdkKjBgNzZ0DBDs=

performance-now@^2.1.0:
  version "2.1.0"
  resolved "https://nexus.forchange.cn/repository/npm-group/performance-now/-/performance-now-2.1.0.tgz#6309f4e0e5fa913ec1c69307ae364b4b377c9e7b"
  integrity sha1-Ywn04OX6kT7BxpMHrjZLSzd8nns=

picomatch@^2.0.5, picomatch@^2.2.1:
  version "2.2.2"
  resolved "https://nexus.forchange.cn/repository/npm-group/picomatch/-/picomatch-2.2.2.tgz#21f333e9b6b8eaff02468f5146ea406d345f4dad"
  integrity sha1-IfMz6ba46v8CRo9RRupAbTRfTa0=

pkg-fetch@^2.6.7:
  version "2.6.8"
  resolved "https://nexus.forchange.cn/repository/npm-group/pkg-fetch/-/pkg-fetch-2.6.8.tgz#458ba6b9c936de1b0f3f9c830f389888561e630f"
  integrity sha1-RYumuck23hsPP5yDDziYiFYeYw8=
  dependencies:
    "@babel/runtime" "^7.9.2"
    byline "^5.0.0"
    chalk "^3.0.0"
    expand-template "^2.0.3"
    fs-extra "^8.1.0"
    minimist "^1.2.5"
    progress "^2.0.3"
    request "^2.88.0"
    request-progress "^3.0.0"
    semver "^6.3.0"
    unique-temp-dir "^1.0.0"

pkg@^4.4.8:
  version "4.4.8"
  resolved "https://nexus.forchange.cn/repository/npm-group/pkg/-/pkg-4.4.8.tgz#145fb81f31eebfb90d2010dd2c4b663ca0db4009"
  integrity sha1-FF+4HzHuv7kNIBDdLEtmPKDbQAk=
  dependencies:
    "@babel/parser" "^7.9.4"
    "@babel/runtime" "^7.9.2"
    chalk "^3.0.0"
    escodegen "^1.14.1"
    fs-extra "^8.1.0"
    globby "^11.0.0"
    into-stream "^5.1.1"
    minimist "^1.2.5"
    multistream "^2.1.1"
    pkg-fetch "^2.6.7"
    progress "^2.0.3"
    resolve "^1.15.1"
    stream-meter "^1.0.4"

portfinder@^1.0.26:
  version "1.0.26"
  resolved "https://nexus.forchange.cn/repository/npm-group/portfinder/-/portfinder-1.0.26.tgz#475658d56ca30bed72ac7f1378ed350bd1b64e70"
  integrity sha1-R1ZY1WyjC+1yrH8TeO01C9G2TnA=
  dependencies:
    async "^2.6.2"
    debug "^3.1.1"
    mkdirp "^0.5.1"

prelude-ls@~1.1.2:
  version "1.1.2"
  resolved "https://nexus.forchange.cn/repository/npm-group/prelude-ls/-/prelude-ls-1.1.2.tgz#21932a549f5e52ffd9a827f570e04be62a97da54"
  integrity sha1-IZMqVJ9eUv/ZqCf1cOBL5iqX2lQ=

prettier@^2.0.5:
  version "2.0.5"
  resolved "https://nexus.forchange.cn/repository/npm-group/prettier/-/prettier-2.0.5.tgz#d6d56282455243f2f92cc1716692c08aa31522d4"
  integrity sha1-1tVigkVSQ/L5LMFxZpLAiqMVItQ=

process-nextick-args@~2.0.0:
  version "2.0.1"
  resolved "https://nexus.forchange.cn/repository/npm-group/process-nextick-args/-/process-nextick-args-2.0.1.tgz#7820d9b16120cc55ca9ae7792680ae7dba6d7fe2"
  integrity sha1-eCDZsWEgzFXKmud5JoCufbptf+I=

progress@^2.0.3:
  version "2.0.3"
  resolved "https://nexus.forchange.cn/repository/npm-group/progress/-/progress-2.0.3.tgz#7e8cf8d8f5b8f239c1bc68beb4eb78567d572ef8"
  integrity sha1-foz42PW48jnBvGi+tOt4Vn1XLvg=

psl@^1.1.28:
  version "1.8.0"
  resolved "https://nexus.forchange.cn/repository/npm-group/psl/-/psl-1.8.0.tgz#9326f8bcfb013adcc005fdff056acce020e51c24"
  integrity sha1-kyb4vPsBOtzABf3/BWrM4CDlHCQ=

punycode@^2.1.0, punycode@^2.1.1:
  version "2.1.1"
  resolved "https://nexus.forchange.cn/repository/npm-group/punycode/-/punycode-2.1.1.tgz#b58b010ac40c22c5657616c8d2c2c02c7bf479ec"
  integrity sha1-tYsBCsQMIsVldhbI0sLALHv0eew=

qs@~6.5.2:
  version "6.5.2"
  resolved "https://nexus.forchange.cn/repository/npm-group/qs/-/qs-6.5.2.tgz#cb3ae806e8740444584ef154ce8ee98d403f3e36"
  integrity sha1-yzroBuh0BERYTvFUzo7pjUA/PjY=

readable-stream@^2.0.0, readable-stream@^2.0.5, readable-stream@^2.1.4, readable-stream@~2.3.6:
  version "2.3.7"
  resolved "https://nexus.forchange.cn/repository/npm-group/readable-stream/-/readable-stream-2.3.7.tgz#1eca1cf711aef814c04f62252a36a62f6cb23b57"
  integrity sha1-Hsoc9xGu+BTAT2IlKjamL2yyO1c=
  dependencies:
    core-util-is "~1.0.0"
    inherits "~2.0.3"
    isarray "~1.0.0"
    process-nextick-args "~2.0.0"
    safe-buffer "~5.1.1"
    string_decoder "~1.1.1"
    util-deprecate "~1.0.1"

rechoir@^0.6.2:
  version "0.6.2"
  resolved "https://nexus.forchange.cn/repository/npm-group/rechoir/-/rechoir-0.6.2.tgz#85204b54dba82d5742e28c96756ef43af50e3384"
  integrity sha1-hSBLVNuoLVdC4oyWdW70OvUOM4Q=
  dependencies:
    resolve "^1.1.6"

regenerator-runtime@^0.13.4:
  version "0.13.5"
  resolved "https://nexus.forchange.cn/repository/npm-group/regenerator-runtime/-/regenerator-runtime-0.13.5.tgz#d878a1d094b4306d10b9096484b33ebd55e26697"
  integrity sha1-2Hih0JS0MG0QuQlkhLM+vVXiZpc=

request-progress@^3.0.0:
  version "3.0.0"
  resolved "https://nexus.forchange.cn/repository/npm-group/request-progress/-/request-progress-3.0.0.tgz#4ca754081c7fec63f505e4faa825aa06cd669dbe"
  integrity sha1-TKdUCBx/7GP1BeT6qCWqBs1mnb4=
  dependencies:
    throttleit "^1.0.0"

request@^2.88.0:
  version "2.88.2"
  resolved "https://nexus.forchange.cn/repository/npm-group/request/-/request-2.88.2.tgz#d73c918731cb5a87da047e207234146f664d12b3"
  integrity sha1-1zyRhzHLWofaBH4gcjQUb2ZNErM=
  dependencies:
    aws-sign2 "~0.7.0"
    aws4 "^1.8.0"
    caseless "~0.12.0"
    combined-stream "~1.0.6"
    extend "~3.0.2"
    forever-agent "~0.6.1"
    form-data "~2.3.2"
    har-validator "~5.1.3"
    http-signature "~1.2.0"
    is-typedarray "~1.0.0"
    isstream "~0.1.2"
    json-stringify-safe "~5.0.1"
    mime-types "~2.1.19"
    oauth-sign "~0.9.0"
    performance-now "^2.1.0"
    qs "~6.5.2"
    safe-buffer "^5.1.2"
    tough-cookie "~2.5.0"
    tunnel-agent "^0.6.0"
    uuid "^3.3.2"

resolve@^1.1.6, resolve@^1.15.1:
  version "1.17.0"
  resolved "https://nexus.forchange.cn/repository/npm-group/resolve/-/resolve-1.17.0.tgz#b25941b54968231cc2d1bb76a79cb7f2c0bf8444"
  integrity sha1-sllBtUloIxzC0bt2p5y38sC/hEQ=
  dependencies:
    path-parse "^1.0.6"

reusify@^1.0.4:
  version "1.0.4"
  resolved "https://nexus.forchange.cn/repository/npm-group/reusify/-/reusify-1.0.4.tgz#90da382b1e126efc02146e90845a88db12925d76"
  integrity sha1-kNo4Kx4SbvwCFG6QhFqI2xKSXXY=

run-parallel@^1.1.9:
  version "1.1.9"
  resolved "https://nexus.forchange.cn/repository/npm-group/run-parallel/-/run-parallel-1.1.9.tgz#c9dd3a7cf9f4b2c4b6244e173a6ed866e61dd679"
  integrity sha1-yd06fPn0ssS2JE4XOm7YZuYd1nk=

safe-buffer@^5.0.1, safe-buffer@^5.1.2:
  version "5.2.1"
  resolved "https://nexus.forchange.cn/repository/npm-group/safe-buffer/-/safe-buffer-5.2.1.tgz#1eaf9fa9bdb1fdd4ec75f58f9cdb4e6b7827eec6"
  integrity sha1-Hq+fqb2x/dTsdfWPnNtOa3gn7sY=

safe-buffer@~5.1.0, safe-buffer@~5.1.1:
  version "5.1.2"
  resolved "https://nexus.forchange.cn/repository/npm-group/safe-buffer/-/safe-buffer-5.1.2.tgz#991ec69d296e0313747d59bdfd2b745c35f8828d"
  integrity sha1-mR7GnSluAxN0fVm9/St0XDX4go0=

"safer-buffer@>= 2.1.2 < 3", safer-buffer@^2.0.2, safer-buffer@^2.1.0, safer-buffer@~2.1.0:
  version "2.1.2"
  resolved "https://nexus.forchange.cn/repository/npm-group/safer-buffer/-/safer-buffer-2.1.2.tgz#44fa161b0187b9549dd84bb91802f9bd8385cd6a"
  integrity sha1-RPoWGwGHuVSd2Eu5GAL5vYOFzWo=

semver@^6.3.0:
  version "6.3.0"
  resolved "https://nexus.forchange.cn/repository/npm-group/semver/-/semver-6.3.0.tgz#ee0a64c8af5e8ceea67687b133761e1becbd1d3d"
  integrity sha1-7gpkyK9ejO6mdoexM3YeG+y9HT0=

set-immediate-shim@~1.0.1:
  version "1.0.1"
  resolved "https://nexus.forchange.cn/repository/npm-group/set-immediate-shim/-/set-immediate-shim-1.0.1.tgz#4b2b1b27eb808a9f8dcc481a58e5e56f599f3f61"
  integrity sha1-SysbJ+uAip+NzEgaWOXlb1mfP2E=

shelljs@^0.8.4:
  version "0.8.4"
  resolved "https://nexus.forchange.cn/repository/npm-group/shelljs/-/shelljs-0.8.4.tgz#de7684feeb767f8716b326078a8a00875890e3c2"
  integrity sha1-3naE/ut2f4cWsyYHiooAh1iQ48I=
  dependencies:
    glob "^7.0.0"
    interpret "^1.0.0"
    rechoir "^0.6.2"

slash@^3.0.0:
  version "3.0.0"
  resolved "https://nexus.forchange.cn/repository/npm-group/slash/-/slash-3.0.0.tgz#6539be870c165adbd5240220dbe361f1bc4d4634"
  integrity sha1-ZTm+hwwWWtvVJAIg2+Nh8bxNRjQ=

source-map@^0.6.1, source-map@~0.6.1:
  version "0.6.1"
  resolved "https://nexus.forchange.cn/repository/npm-group/source-map/-/source-map-0.6.1.tgz#74722af32e9614e9c287a8d0bbde48b5e2f1a263"
  integrity sha1-dHIq8y6WFOnCh6jQu95IteLxomM=

sshpk@^1.7.0:
  version "1.16.1"
  resolved "https://nexus.forchange.cn/repository/npm-group/sshpk/-/sshpk-1.16.1.tgz#fb661c0bef29b39db40769ee39fa70093d6f6877"
  integrity sha1-+2YcC+8ps520B2nuOfpwCT1vaHc=
  dependencies:
    asn1 "~0.2.3"
    assert-plus "^1.0.0"
    bcrypt-pbkdf "^1.0.0"
    dashdash "^1.12.0"
    ecc-jsbn "~0.1.1"
    getpass "^0.1.1"
    jsbn "~0.1.0"
    safer-buffer "^2.0.2"
    tweetnacl "~0.14.0"

stream-meter@^1.0.4:
  version "1.0.4"
  resolved "https://nexus.forchange.cn/repository/npm-group/stream-meter/-/stream-meter-1.0.4.tgz#52af95aa5ea760a2491716704dbff90f73afdd1d"
  integrity sha1-Uq+Vql6nYKJJFxZwTb/5D3Ov3R0=
  dependencies:
    readable-stream "^2.1.4"

string_decoder@~1.1.1:
  version "1.1.1"
  resolved "https://nexus.forchange.cn/repository/npm-group/string_decoder/-/string_decoder-1.1.1.tgz#9cf1611ba62685d7030ae9e4ba34149c3af03fc8"
  integrity sha1-nPFhG6YmhdcDCunkujQUnDrwP8g=
  dependencies:
    safe-buffer "~5.1.0"

supports-color@^7.1.0:
  version "7.1.0"
  resolved "https://nexus.forchange.cn/repository/npm-group/supports-color/-/supports-color-7.1.0.tgz#68e32591df73e25ad1c4b49108a2ec507962bfd1"
  integrity sha1-aOMlkd9z4lrRxLSRCKLsUHliv9E=
  dependencies:
    has-flag "^4.0.0"

throttleit@^1.0.0:
  version "1.0.0"
  resolved "https://nexus.forchange.cn/repository/npm-group/throttleit/-/throttleit-1.0.0.tgz#9e785836daf46743145a5984b6268d828528ac6c"
  integrity sha1-nnhYNtr0Z0MUWlmEtiaNgoUorGw=

to-regex-range@^5.0.1:
  version "5.0.1"
  resolved "https://nexus.forchange.cn/repository/npm-group/to-regex-range/-/to-regex-range-5.0.1.tgz#1648c44aae7c8d988a326018ed72f5b4dd0392e4"
  integrity sha1-FkjESq58jZiKMmAY7XL1tN0DkuQ=
  dependencies:
    is-number "^7.0.0"

tough-cookie@~2.5.0:
  version "2.5.0"
  resolved "https://nexus.forchange.cn/repository/npm-group/tough-cookie/-/tough-cookie-2.5.0.tgz#cd9fb2a0aa1d5a12b473bd9fb96fa3dcff65ade2"
  integrity sha1-zZ+yoKodWhK0c72fuW+j3P9lreI=
  dependencies:
    psl "^1.1.28"
    punycode "^2.1.1"

tunnel-agent@^0.6.0:
  version "0.6.0"
  resolved "https://nexus.forchange.cn/repository/npm-group/tunnel-agent/-/tunnel-agent-0.6.0.tgz#27a5dea06b36b04a0a9966774b290868f0fc40fd"
  integrity sha1-J6XeoGs2sEoKmWZ3SykIaPD8QP0=
  dependencies:
    safe-buffer "^5.0.1"

tweetnacl@^0.14.3, tweetnacl@~0.14.0:
  version "0.14.5"
  resolved "https://nexus.forchange.cn/repository/npm-group/tweetnacl/-/tweetnacl-0.14.5.tgz#5ae68177f192d4456269d108afa93ff8743f4f64"
  integrity sha1-WuaBd/GS1EViadEIr6k/+HQ/T2Q=

type-check@~0.3.2:
  version "0.3.2"
  resolved "https://nexus.forchange.cn/repository/npm-group/type-check/-/type-check-0.3.2.tgz#5884cab512cf1d355e3fb784f30804b2b520db72"
  integrity sha1-WITKtRLPHTVeP7eE8wgEsrUg23I=
  dependencies:
    prelude-ls "~1.1.2"

typedoc-default-themes@^0.10.1:
  version "0.10.1"
  resolved "https://nexus.forchange.cn/repository/npm-group/typedoc-default-themes/-/typedoc-default-themes-0.10.1.tgz#eb27b7d689457c7ec843e47ec0d3e500581296a7"
  integrity sha1-6ye31olFfH7IQ+R+wNPlAFgSlqc=
  dependencies:
    lunr "^2.3.8"

typedoc@^0.17.7:
  version "0.17.7"
  resolved "https://nexus.forchange.cn/repository/npm-group/typedoc/-/typedoc-0.17.7.tgz#70797401140403a5f91589ed3f4f24c03841bf7a"
  integrity sha1-cHl0ARQEA6X5FYntP08kwDhBv3o=
  dependencies:
    fs-extra "^8.1.0"
    handlebars "^4.7.6"
    highlight.js "^10.0.0"
    lodash "^4.17.15"
    lunr "^2.3.8"
    marked "1.0.0"
    minimatch "^3.0.0"
    progress "^2.0.3"
    shelljs "^0.8.4"
    typedoc-default-themes "^0.10.1"

typescript@^3.9.3:
  version "3.9.3"
  resolved "https://nexus.forchange.cn/repository/npm-group/typescript/-/typescript-3.9.3.tgz#d3ac8883a97c26139e42df5e93eeece33d610b8a"
  integrity sha1-06yIg6l8JhOeQt9ek+7s4z1hC4o=

uglify-js@^3.1.4:
  version "3.9.4"
  resolved "https://nexus.forchange.cn/repository/npm-group/uglify-js/-/uglify-js-3.9.4.tgz#867402377e043c1fc7b102253a22b64e5862401b"
  integrity sha1-hnQCN34EPB/HsQIlOiK2TlhiQBs=
  dependencies:
    commander "~2.20.3"

uid2@0.0.3:
  version "0.0.3"
  resolved "https://nexus.forchange.cn/repository/npm-group/uid2/-/uid2-0.0.3.tgz#483126e11774df2f71b8b639dcd799c376162b82"
  integrity sha1-SDEm4Rd03y9xuLY53NeZw3YWK4I=

unique-temp-dir@^1.0.0:
  version "1.0.0"
  resolved "https://nexus.forchange.cn/repository/npm-group/unique-temp-dir/-/unique-temp-dir-1.0.0.tgz#6dce95b2681ca003eebfb304a415f9cbabcc5385"
  integrity sha1-bc6VsmgcoAPuv7MEpBX5y6vMU4U=
  dependencies:
    mkdirp "^0.5.1"
    os-tmpdir "^1.0.1"
    uid2 "0.0.3"

universalify@^0.1.0:
  version "0.1.2"
  resolved "https://nexus.forchange.cn/repository/npm-group/universalify/-/universalify-0.1.2.tgz#b646f69be3942dabcecc9d6639c80dc105efaa66"
  integrity sha1-tkb2m+OULavOzJ1mOcgNwQXvqmY=

uri-js@^4.2.2:
  version "4.2.2"
  resolved "https://nexus.forchange.cn/repository/npm-group/uri-js/-/uri-js-4.2.2.tgz#94c540e1ff772956e2299507c010aea6c8838eb0"
  integrity sha1-lMVA4f93KVbiKZUHwBCupsiDjrA=
  dependencies:
    punycode "^2.1.0"

util-deprecate@~1.0.1:
  version "1.0.2"
  resolved "https://nexus.forchange.cn/repository/npm-group/util-deprecate/-/util-deprecate-1.0.2.tgz#450d4dc9fa70de732762fbd2d4a28981419a0ccf"
  integrity sha1-RQ1Nyfpw3nMnYvvS1KKJgUGaDM8=

uuid@^3.3.2:
  version "3.4.0"
  resolved "https://nexus.forchange.cn/repository/npm-group/uuid/-/uuid-3.4.0.tgz#b23e4358afa8a202fe7a100af1f5f883f02007ee"
  integrity sha1-sj5DWK+oogL+ehAK8fX4g/AgB+4=

verror@1.10.0:
  version "1.10.0"
  resolved "https://nexus.forchange.cn/repository/npm-group/verror/-/verror-1.10.0.tgz#3a105ca17053af55d6e270c1f8288682e18da400"
  integrity sha1-OhBcoXBTr1XW4nDB+CiGguGNpAA=
  dependencies:
    assert-plus "^1.0.0"
    core-util-is "1.0.2"
    extsprintf "^1.2.0"

word-wrap@~1.2.3:
  version "1.2.3"
  resolved "https://nexus.forchange.cn/repository/npm-group/word-wrap/-/word-wrap-1.2.3.tgz#610636f6b1f703891bd34771ccb17fb93b47079c"
  integrity sha1-YQY29rH3A4kb00dxzLF/uTtHB5w=

wordwrap@^1.0.0:
  version "1.0.0"
  resolved "https://nexus.forchange.cn/repository/npm-group/wordwrap/-/wordwrap-1.0.0.tgz#27584810891456a4171c8d0226441ade90cbcaeb"
  integrity sha1-J1hIEIkUVqQXHI0CJkQa3pDLyus=

wrappy@1:
  version "1.0.2"
  resolved "https://nexus.forchange.cn/repository/npm-group/wrappy/-/wrappy-1.0.2.tgz#b5243d8f3ec1aa35f1364605bc0d1036e30ab69f"
  integrity sha1-tSQ9jz7BqjXxNkYFvA0QNuMKtp8=
